// !$*UTF8*$!
{
	archiveVersion = 1;
	classes = {
	};
	objectVersion = 48;
	objects = {

/* Begin PBXBuildFile section */
		D13A712A1F9DC885008B9EBA /* MainTabBarController.m in Sources */ = {isa = PBXBuildFile; fileRef = D13A71291F9DC885008B9EBA /* MainTabBarController.m */; };
		D13A713A1F9EE435008B9EBA /* CALayer+RSLayerColor.m in Sources */ = {isa = PBXBuildFile; fileRef = D13A71381F9EE433008B9EBA /* CALayer+RSLayerColor.m */; };
		D13A713E1F9EE969008B9EBA /* SSRegisterViewController.m in Sources */ = {isa = PBXBuildFile; fileRef = D13A713C1F9EE969008B9EBA /* SSRegisterViewController.m */; };
		D13A713F1F9EE969008B9EBA /* SSRegisterViewController.xib in Resources */ = {isa = PBXBuildFile; fileRef = D13A713D1F9EE969008B9EBA /* SSRegisterViewController.xib */; };
		D13A71421F9EEBC0008B9EBA /* NSString+BaseString.m in Sources */ = {isa = PBXBuildFile; fileRef = D13A71411F9EEBC0008B9EBA /* NSString+BaseString.m */; };
		D13A71451F9F064E008B9EBA /* UIColor+HxColor.m in Sources */ = {isa = PBXBuildFile; fileRef = D13A71441F9F064D008B9EBA /* UIColor+HxColor.m */; };
		D13A71481F9F0AA8008B9EBA /* SSUser.m in Sources */ = {isa = PBXBuildFile; fileRef = D13A71471F9F0AA8008B9EBA /* SSUser.m */; };
		D13A714B1F9F0C09008B9EBA /* SSUserManager.m in Sources */ = {isa = PBXBuildFile; fileRef = D13A714A1F9F0C09008B9EBA /* SSUserManager.m */; };
		D13A714F1F9F38CE008B9EBA /* SSFindPasswordViewController.m in Sources */ = {isa = PBXBuildFile; fileRef = D13A714D1F9F38CE008B9EBA /* SSFindPasswordViewController.m */; };
		D13A71501F9F38CE008B9EBA /* SSFindPasswordViewController.xib in Resources */ = {isa = PBXBuildFile; fileRef = D13A714E1F9F38CE008B9EBA /* SSFindPasswordViewController.xib */; };
		D15895ED1FA1833900F45647 /* SearchResult.m in Sources */ = {isa = PBXBuildFile; fileRef = D15895EC1FA1833900F45647 /* SearchResult.m */; };
		D15895F21FA1834500F45647 /* NBSearchController.m in Sources */ = {isa = PBXBuildFile; fileRef = D15895EE1FA1834500F45647 /* NBSearchController.m */; };
		D15895F31FA1834500F45647 /* NBSearchResultController.m in Sources */ = {isa = PBXBuildFile; fileRef = D15895F11FA1834500F45647 /* NBSearchResultController.m */; };
		D15896091FA1844D00F45647 /* HeadView.m in Sources */ = {isa = PBXBuildFile; fileRef = D15895E71FA1832200F45647 /* HeadView.m */; };
		D158960A1FA1846200F45647 /* ItemViewCell.m in Sources */ = {isa = PBXBuildFile; fileRef = D15895E81FA1832200F45647 /* ItemViewCell.m */; };
		D158960B1FA1847000F45647 /* CityViewCell.m in Sources */ = {isa = PBXBuildFile; fileRef = D15895E51FA1832200F45647 /* CityViewCell.m */; };
		D158960C1FA1849F00F45647 /* ZWCollectionViewFlowLayout.m in Sources */ = {isa = PBXBuildFile; fileRef = D15895E01FA1831700F45647 /* ZWCollectionViewFlowLayout.m */; };
		D15896161FA18A3200F45647 /* CityViewCell.xib in Resources */ = {isa = PBXBuildFile; fileRef = D15895E21FA1832100F45647 /* CityViewCell.xib */; };
		D15896171FA18A3D00F45647 /* HeadView.xib in Resources */ = {isa = PBXBuildFile; fileRef = D15895EA1FA1832200F45647 /* HeadView.xib */; };
		D15896181FA18A4300F45647 /* ItemViewCell.xib in Resources */ = {isa = PBXBuildFile; fileRef = D15895E41FA1832100F45647 /* ItemViewCell.xib */; };
		D158961D1FA18E8700F45647 /* CityData.plist in Resources */ = {isa = PBXBuildFile; fileRef = D158961C1FA18E8700F45647 /* CityData.plist */; };
		D15896331FA1C01E00F45647 /* ChineseToPinyinResource.m in Sources */ = {isa = PBXBuildFile; fileRef = D15896231FA1BFF200F45647 /* ChineseToPinyinResource.m */; };
		D15896341FA1C02500F45647 /* HanyuPinyinOutputFormat.m in Sources */ = {isa = PBXBuildFile; fileRef = D15896251FA1BFF200F45647 /* HanyuPinyinOutputFormat.m */; };
		D15896351FA1C02B00F45647 /* NSString+PinYin4Cocoa.m in Sources */ = {isa = PBXBuildFile; fileRef = D15896271FA1BFF200F45647 /* NSString+PinYin4Cocoa.m */; };
		D15896361FA1C03000F45647 /* PinyinFormatter.m in Sources */ = {isa = PBXBuildFile; fileRef = D158962A1FA1BFF200F45647 /* PinyinFormatter.m */; };
		D15896371FA1C03600F45647 /* PinYinForObjc.m in Sources */ = {isa = PBXBuildFile; fileRef = D158962C1FA1BFF200F45647 /* PinYinForObjc.m */; };
		D15896381FA1C03B00F45647 /* PinyinHelper.m in Sources */ = {isa = PBXBuildFile; fileRef = D158962E1FA1BFF200F45647 /* PinyinHelper.m */; };
		D15896391FA1C05900F45647 /* NSMutableArray+FilterElement.m in Sources */ = {isa = PBXBuildFile; fileRef = D15896321FA1BFF200F45647 /* NSMutableArray+FilterElement.m */; };
		D158963A1FA1C05E00F45647 /* ChineseInclude.m in Sources */ = {isa = PBXBuildFile; fileRef = D15896211FA1BFF200F45647 /* ChineseInclude.m */; };
		D158963B1FA1C78600F45647 /* unicode_to_hanyu_pinyin.txt in Resources */ = {isa = PBXBuildFile; fileRef = D158962F1FA1BFF200F45647 /* unicode_to_hanyu_pinyin.txt */; };
		D16648571F9D8FF700F2A656 /* AppDelegate.m in Sources */ = {isa = PBXBuildFile; fileRef = D16648561F9D8FF700F2A656 /* AppDelegate.m */; };
		D166485F1F9D8FF700F2A656 /* Assets.xcassets in Resources */ = {isa = PBXBuildFile; fileRef = D166485E1F9D8FF700F2A656 /* Assets.xcassets */; };
		D16648621F9D8FF700F2A656 /* LaunchScreen.storyboard in Resources */ = {isa = PBXBuildFile; fileRef = D16648601F9D8FF700F2A656 /* LaunchScreen.storyboard */; };
		D16648651F9D8FF700F2A656 /* main.m in Sources */ = {isa = PBXBuildFile; fileRef = D16648641F9D8FF700F2A656 /* main.m */; };
		D16648FD1F9D90E200F2A656 /* AFHTTPRequestOperation.m in Sources */ = {isa = PBXBuildFile; fileRef = D166486F1F9D90E000F2A656 /* AFHTTPRequestOperation.m */; };
		D16648FE1F9D90E200F2A656 /* AFHTTPRequestOperationManager.m in Sources */ = {isa = PBXBuildFile; fileRef = D16648711F9D90E000F2A656 /* AFHTTPRequestOperationManager.m */; };
		D16648FF1F9D90E200F2A656 /* AFHTTPSessionManager.m in Sources */ = {isa = PBXBuildFile; fileRef = D16648731F9D90E000F2A656 /* AFHTTPSessionManager.m */; };
		D16649001F9D90E200F2A656 /* AFNetworkReachabilityManager.m in Sources */ = {isa = PBXBuildFile; fileRef = D16648761F9D90E100F2A656 /* AFNetworkReachabilityManager.m */; };
		D16649011F9D90E200F2A656 /* AFSecurityPolicy.m in Sources */ = {isa = PBXBuildFile; fileRef = D16648781F9D90E100F2A656 /* AFSecurityPolicy.m */; };
		D16649021F9D90E200F2A656 /* AFURLConnectionOperation.m in Sources */ = {isa = PBXBuildFile; fileRef = D166487A1F9D90E100F2A656 /* AFURLConnectionOperation.m */; };
		D16649031F9D90E200F2A656 /* AFURLRequestSerialization.m in Sources */ = {isa = PBXBuildFile; fileRef = D166487C1F9D90E100F2A656 /* AFURLRequestSerialization.m */; };
		D16649041F9D90E200F2A656 /* AFURLResponseSerialization.m in Sources */ = {isa = PBXBuildFile; fileRef = D166487E1F9D90E100F2A656 /* AFURLResponseSerialization.m */; };
		D16649051F9D90E200F2A656 /* AFURLSessionManager.m in Sources */ = {isa = PBXBuildFile; fileRef = D16648801F9D90E100F2A656 /* AFURLSessionManager.m */; };
		D16649061F9D90E200F2A656 /* AFNetworkActivityIndicatorManager.m in Sources */ = {isa = PBXBuildFile; fileRef = D16648831F9D90E100F2A656 /* AFNetworkActivityIndicatorManager.m */; };
		D16649071F9D90E200F2A656 /* UIActivityIndicatorView+AFNetworking.m in Sources */ = {isa = PBXBuildFile; fileRef = D16648851F9D90E100F2A656 /* UIActivityIndicatorView+AFNetworking.m */; };
		D16649081F9D90E200F2A656 /* UIAlertView+AFNetworking.m in Sources */ = {isa = PBXBuildFile; fileRef = D16648871F9D90E100F2A656 /* UIAlertView+AFNetworking.m */; };
		D16649091F9D90E200F2A656 /* UIButton+AFNetworking.m in Sources */ = {isa = PBXBuildFile; fileRef = D16648891F9D90E100F2A656 /* UIButton+AFNetworking.m */; };
		D166490A1F9D90E200F2A656 /* UIImageView+AFNetworking.m in Sources */ = {isa = PBXBuildFile; fileRef = D166488C1F9D90E100F2A656 /* UIImageView+AFNetworking.m */; };
		D166490B1F9D90E200F2A656 /* UIProgressView+AFNetworking.m in Sources */ = {isa = PBXBuildFile; fileRef = D166488F1F9D90E100F2A656 /* UIProgressView+AFNetworking.m */; };
		D166490C1F9D90E200F2A656 /* UIRefreshControl+AFNetworking.m in Sources */ = {isa = PBXBuildFile; fileRef = D16648911F9D90E100F2A656 /* UIRefreshControl+AFNetworking.m */; };
		D166490D1F9D90E200F2A656 /* UIWebView+AFNetworking.m in Sources */ = {isa = PBXBuildFile; fileRef = D16648931F9D90E100F2A656 /* UIWebView+AFNetworking.m */; };
		D166490E1F9D90E200F2A656 /* IQNSArray+Sort.m in Sources */ = {isa = PBXBuildFile; fileRef = D16648971F9D90E100F2A656 /* IQNSArray+Sort.m */; };
		D166490F1F9D90E200F2A656 /* IQUITextFieldView+Additions.m in Sources */ = {isa = PBXBuildFile; fileRef = D16648991F9D90E100F2A656 /* IQUITextFieldView+Additions.m */; };
		D16649101F9D90E200F2A656 /* IQUIView+Hierarchy.m in Sources */ = {isa = PBXBuildFile; fileRef = D166489B1F9D90E100F2A656 /* IQUIView+Hierarchy.m */; };
		D16649111F9D90E200F2A656 /* IQUIViewController+Additions.m in Sources */ = {isa = PBXBuildFile; fileRef = D166489D1F9D90E100F2A656 /* IQUIViewController+Additions.m */; };
		D16649121F9D90E200F2A656 /* IQUIWindow+Hierarchy.m in Sources */ = {isa = PBXBuildFile; fileRef = D166489F1F9D90E100F2A656 /* IQUIWindow+Hierarchy.m */; };
		D16649131F9D90E200F2A656 /* IQKeyboardManager.m in Sources */ = {isa = PBXBuildFile; fileRef = D16648A41F9D90E100F2A656 /* IQKeyboardManager.m */; };
		D16649141F9D90E200F2A656 /* IQKeyboardReturnKeyHandler.m in Sources */ = {isa = PBXBuildFile; fileRef = D16648A61F9D90E100F2A656 /* IQKeyboardReturnKeyHandler.m */; };
		D16649151F9D90E200F2A656 /* IQSegmentedNextPrevious.m in Sources */ = {isa = PBXBuildFile; fileRef = D16648A91F9D90E100F2A656 /* IQSegmentedNextPrevious.m */; };
		D16649161F9D90E200F2A656 /* IQTextView.m in Sources */ = {isa = PBXBuildFile; fileRef = D16648AC1F9D90E100F2A656 /* IQTextView.m */; };
		D16649171F9D90E200F2A656 /* IQBarButtonItem.m in Sources */ = {isa = PBXBuildFile; fileRef = D16648AF1F9D90E100F2A656 /* IQBarButtonItem.m */; };
		D16649181F9D90E200F2A656 /* IQTitleBarButtonItem.m in Sources */ = {isa = PBXBuildFile; fileRef = D16648B11F9D90E100F2A656 /* IQTitleBarButtonItem.m */; };
		D16649191F9D90E200F2A656 /* IQToolbar.m in Sources */ = {isa = PBXBuildFile; fileRef = D16648B31F9D90E100F2A656 /* IQToolbar.m */; };
		D166491A1F9D90E200F2A656 /* IQUIView+IQKeyboardToolbar.m in Sources */ = {isa = PBXBuildFile; fileRef = D16648B51F9D90E100F2A656 /* IQUIView+IQKeyboardToolbar.m */; };
		D166491B1F9D90E200F2A656 /* IQKeyboardManager.bundle in Resources */ = {isa = PBXBuildFile; fileRef = D16648B81F9D90E100F2A656 /* IQKeyboardManager.bundle */; };
		D166491C1F9D90E200F2A656 /* MBProgressHUD.bundle in Resources */ = {isa = PBXBuildFile; fileRef = D16648BA1F9D90E100F2A656 /* MBProgressHUD.bundle */; };
		D166491D1F9D90E200F2A656 /* MBProgressHUD.m in Sources */ = {isa = PBXBuildFile; fileRef = D16648BC1F9D90E100F2A656 /* MBProgressHUD.m */; };
		D166491E1F9D90E200F2A656 /* MJExtensionConst.m in Sources */ = {isa = PBXBuildFile; fileRef = D16648C01F9D90E100F2A656 /* MJExtensionConst.m */; };
		D166491F1F9D90E200F2A656 /* MJFoundation.m in Sources */ = {isa = PBXBuildFile; fileRef = D16648C21F9D90E100F2A656 /* MJFoundation.m */; };
		D16649201F9D90E200F2A656 /* MJProperty.m in Sources */ = {isa = PBXBuildFile; fileRef = D16648C41F9D90E100F2A656 /* MJProperty.m */; };
		D16649211F9D90E200F2A656 /* MJPropertyKey.m in Sources */ = {isa = PBXBuildFile; fileRef = D16648C61F9D90E100F2A656 /* MJPropertyKey.m */; };
		D16649221F9D90E200F2A656 /* MJPropertyType.m in Sources */ = {isa = PBXBuildFile; fileRef = D16648C81F9D90E100F2A656 /* MJPropertyType.m */; };
		D16649231F9D90E200F2A656 /* NSObject+MJClass.m in Sources */ = {isa = PBXBuildFile; fileRef = D16648CA1F9D90E100F2A656 /* NSObject+MJClass.m */; };
		D16649241F9D90E200F2A656 /* NSObject+MJCoding.m in Sources */ = {isa = PBXBuildFile; fileRef = D16648CC1F9D90E100F2A656 /* NSObject+MJCoding.m */; };
		D16649251F9D90E200F2A656 /* NSObject+MJKeyValue.m in Sources */ = {isa = PBXBuildFile; fileRef = D16648CE1F9D90E100F2A656 /* NSObject+MJKeyValue.m */; };
		D16649261F9D90E200F2A656 /* NSObject+MJProperty.m in Sources */ = {isa = PBXBuildFile; fileRef = D16648D01F9D90E100F2A656 /* NSObject+MJProperty.m */; };
		D16649271F9D90E200F2A656 /* NSString+MJExtension.m in Sources */ = {isa = PBXBuildFile; fileRef = D16648D21F9D90E100F2A656 /* NSString+MJExtension.m */; };
		D16649301F9D90E200F2A656 /* UIControl+Blocks.m in Sources */ = {isa = PBXBuildFile; fileRef = D16648E81F9D90E200F2A656 /* UIControl+Blocks.m */; };
		D16649361F9D90E200F2A656 /* UIScreen+YuYue.m in Sources */ = {isa = PBXBuildFile; fileRef = D16648F41F9D90E200F2A656 /* UIScreen+YuYue.m */; };
		D16649381F9D90E200F2A656 /* UIView+Animations.m in Sources */ = {isa = PBXBuildFile; fileRef = D16648F81F9D90E200F2A656 /* UIView+Animations.m */; };
		D16649391F9D90E200F2A656 /* UIView+YuYue.m in Sources */ = {isa = PBXBuildFile; fileRef = D16648FA1F9D90E200F2A656 /* UIView+YuYue.m */; };
		D166493A1F9D90E200F2A656 /* UIViewController+YuYue.m in Sources */ = {isa = PBXBuildFile; fileRef = D16648FC1F9D90E200F2A656 /* UIViewController+YuYue.m */; };
		D166494E1F9D93A500F2A656 /* SSHTTPManager.m in Sources */ = {isa = PBXBuildFile; fileRef = D166494D1F9D93A500F2A656 /* SSHTTPManager.m */; };
		D16649531F9D96ED00F2A656 /* SSBaseViewController.m in Sources */ = {isa = PBXBuildFile; fileRef = D16649521F9D96ED00F2A656 /* SSBaseViewController.m */; };
		D166495A1F9D9A6800F2A656 /* SSEquipmentViewController.m in Sources */ = {isa = PBXBuildFile; fileRef = D16649581F9D9A6800F2A656 /* SSEquipmentViewController.m */; };
		D166495B1F9D9A6800F2A656 /* SSEquipmentViewController.xib in Resources */ = {isa = PBXBuildFile; fileRef = D16649591F9D9A6800F2A656 /* SSEquipmentViewController.xib */; };
		D166495F1F9D9A7500F2A656 /* SSHomeViewController.m in Sources */ = {isa = PBXBuildFile; fileRef = D166495D1F9D9A7500F2A656 /* SSHomeViewController.m */; };
		D16649601F9D9A7500F2A656 /* SSHomeViewController.xib in Resources */ = {isa = PBXBuildFile; fileRef = D166495E1F9D9A7500F2A656 /* SSHomeViewController.xib */; };
		D16649641F9D9A8200F2A656 /* SSUserSpaceViewController.m in Sources */ = {isa = PBXBuildFile; fileRef = D16649621F9D9A8200F2A656 /* SSUserSpaceViewController.m */; };
		D16649651F9D9A8200F2A656 /* SSUserSpaceViewController.xib in Resources */ = {isa = PBXBuildFile; fileRef = D16649631F9D9A8200F2A656 /* SSUserSpaceViewController.xib */; };
		D16649691F9D9AE100F2A656 /* SSLoginViewController.m in Sources */ = {isa = PBXBuildFile; fileRef = D16649671F9D9AE100F2A656 /* SSLoginViewController.m */; };
		D166496A1F9D9AE100F2A656 /* SSLoginViewController.xib in Resources */ = {isa = PBXBuildFile; fileRef = D16649681F9D9AE100F2A656 /* SSLoginViewController.xib */; };
		D17AEFA81FA1E16F001C52E0 /* SSBluetoothViewController.m in Sources */ = {isa = PBXBuildFile; fileRef = D17AEFA61FA1E16F001C52E0 /* SSBluetoothViewController.m */; };
		D17AEFA91FA1E16F001C52E0 /* SSBluetoothViewController.xib in Resources */ = {isa = PBXBuildFile; fileRef = D17AEFA71FA1E16F001C52E0 /* SSBluetoothViewController.xib */; };
		D17AEFAE1FA2CBF3001C52E0 /* CoreBluetooth.framework in Frameworks */ = {isa = PBXBuildFile; fileRef = D17AEFAD1FA2CBF2001C52E0 /* CoreBluetooth.framework */; };
		D17AEFB21FA2FD91001C52E0 /* SSBlueTableViewCell.m in Sources */ = {isa = PBXBuildFile; fileRef = D17AEFB01FA2FD91001C52E0 /* SSBlueTableViewCell.m */; };
		D17AEFB31FA2FD91001C52E0 /* SSBlueTableViewCell.xib in Resources */ = {isa = PBXBuildFile; fileRef = D17AEFB11FA2FD91001C52E0 /* SSBlueTableViewCell.xib */; };
		D17AEFBC1FA59A26001C52E0 /* SSBLEManager.m in Sources */ = {isa = PBXBuildFile; fileRef = D17AEFBB1FA59A26001C52E0 /* SSBLEManager.m */; };
		D1C0B6EB1FA05B0C00222DC1 /* SSLocation.m in Sources */ = {isa = PBXBuildFile; fileRef = D1C0B6EA1FA05B0C00222DC1 /* SSLocation.m */; };
		D1C0B6EC1FA06A1B00222DC1 /* CoreLocation.framework in Frameworks */ = {isa = PBXBuildFile; fileRef = D1C0B6381FA046E600222DC1 /* CoreLocation.framework */; };
		D1C0B6EF1FA06EBB00222DC1 /* SSWeather.m in Sources */ = {isa = PBXBuildFile; fileRef = D1C0B6EE1FA06EBB00222DC1 /* SSWeather.m */; };
		D1C0B6F01FA071F000222DC1 /* STLoopProgressView.m in Sources */ = {isa = PBXBuildFile; fileRef = D1C0B6321F9F78D300222DC1 /* STLoopProgressView.m */; };
		D1C0B6F11FA072EC00222DC1 /* STLoopProgressView+BaseConfiguration.m in Sources */ = {isa = PBXBuildFile; fileRef = D1C0B6341F9F78D300222DC1 /* STLoopProgressView+BaseConfiguration.m */; };
		D1C0B6F51FA09F5D00222DC1 /* SSCityViewController.m in Sources */ = {isa = PBXBuildFile; fileRef = D1C0B6F31FA09F5C00222DC1 /* SSCityViewController.m */; };
/* End PBXBuildFile section */

/* Begin PBXFileReference section */
		D13A71281F9DC885008B9EBA /* MainTabBarController.h */ = {isa = PBXFileReference; fileEncoding = 4; lastKnownFileType = sourcecode.c.h; path = MainTabBarController.h; sourceTree = "<group>"; };
		D13A71291F9DC885008B9EBA /* MainTabBarController.m */ = {isa = PBXFileReference; fileEncoding = 4; lastKnownFileType = sourcecode.c.objc; path = MainTabBarController.m; sourceTree = "<group>"; };
		D13A71381F9EE433008B9EBA /* CALayer+RSLayerColor.m */ = {isa = PBXFileReference; lastKnownFileType = sourcecode.c.objc; path = "CALayer+RSLayerColor.m"; sourceTree = "<group>"; };
		D13A71391F9EE435008B9EBA /* CALayer+RSLayerColor.h */ = {isa = PBXFileReference; lastKnownFileType = sourcecode.c.h; path = "CALayer+RSLayerColor.h"; sourceTree = "<group>"; };
		D13A713B1F9EE969008B9EBA /* SSRegisterViewController.h */ = {isa = PBXFileReference; lastKnownFileType = sourcecode.c.h; path = SSRegisterViewController.h; sourceTree = "<group>"; };
		D13A713C1F9EE969008B9EBA /* SSRegisterViewController.m */ = {isa = PBXFileReference; lastKnownFileType = sourcecode.c.objc; path = SSRegisterViewController.m; sourceTree = "<group>"; };
		D13A713D1F9EE969008B9EBA /* SSRegisterViewController.xib */ = {isa = PBXFileReference; lastKnownFileType = file.xib; path = SSRegisterViewController.xib; sourceTree = "<group>"; };
		D13A71401F9EEBC0008B9EBA /* NSString+BaseString.h */ = {isa = PBXFileReference; lastKnownFileType = sourcecode.c.h; path = "NSString+BaseString.h"; sourceTree = "<group>"; };
		D13A71411F9EEBC0008B9EBA /* NSString+BaseString.m */ = {isa = PBXFileReference; lastKnownFileType = sourcecode.c.objc; path = "NSString+BaseString.m"; sourceTree = "<group>"; };
		D13A71431F9F064D008B9EBA /* UIColor+HxColor.h */ = {isa = PBXFileReference; lastKnownFileType = sourcecode.c.h; path = "UIColor+HxColor.h"; sourceTree = "<group>"; };
		D13A71441F9F064D008B9EBA /* UIColor+HxColor.m */ = {isa = PBXFileReference; lastKnownFileType = sourcecode.c.objc; path = "UIColor+HxColor.m"; sourceTree = "<group>"; };
		D13A71461F9F0AA8008B9EBA /* SSUser.h */ = {isa = PBXFileReference; lastKnownFileType = sourcecode.c.h; path = SSUser.h; sourceTree = "<group>"; };
		D13A71471F9F0AA8008B9EBA /* SSUser.m */ = {isa = PBXFileReference; lastKnownFileType = sourcecode.c.objc; path = SSUser.m; sourceTree = "<group>"; };
		D13A71491F9F0C09008B9EBA /* SSUserManager.h */ = {isa = PBXFileReference; lastKnownFileType = sourcecode.c.h; path = SSUserManager.h; sourceTree = "<group>"; };
		D13A714A1F9F0C09008B9EBA /* SSUserManager.m */ = {isa = PBXFileReference; lastKnownFileType = sourcecode.c.objc; path = SSUserManager.m; sourceTree = "<group>"; };
		D13A714C1F9F38CE008B9EBA /* SSFindPasswordViewController.h */ = {isa = PBXFileReference; lastKnownFileType = sourcecode.c.h; path = SSFindPasswordViewController.h; sourceTree = "<group>"; };
		D13A714D1F9F38CE008B9EBA /* SSFindPasswordViewController.m */ = {isa = PBXFileReference; lastKnownFileType = sourcecode.c.objc; path = SSFindPasswordViewController.m; sourceTree = "<group>"; };
		D13A714E1F9F38CE008B9EBA /* SSFindPasswordViewController.xib */ = {isa = PBXFileReference; lastKnownFileType = file.xib; path = SSFindPasswordViewController.xib; sourceTree = "<group>"; };
		D15895E01FA1831700F45647 /* ZWCollectionViewFlowLayout.m */ = {isa = PBXFileReference; lastKnownFileType = sourcecode.c.objc; path = ZWCollectionViewFlowLayout.m; sourceTree = "<group>"; };
		D15895E11FA1831700F45647 /* ZWCollectionViewFlowLayout.h */ = {isa = PBXFileReference; lastKnownFileType = sourcecode.c.h; path = ZWCollectionViewFlowLayout.h; sourceTree = "<group>"; };
		D15895E21FA1832100F45647 /* CityViewCell.xib */ = {isa = PBXFileReference; lastKnownFileType = file.xib; path = CityViewCell.xib; sourceTree = "<group>"; };
		D15895E31FA1832100F45647 /* HeadView.h */ = {isa = PBXFileReference; lastKnownFileType = sourcecode.c.h; path = HeadView.h; sourceTree = "<group>"; };
		D15895E41FA1832100F45647 /* ItemViewCell.xib */ = {isa = PBXFileReference; lastKnownFileType = file.xib; path = ItemViewCell.xib; sourceTree = "<group>"; };
		D15895E51FA1832200F45647 /* CityViewCell.m */ = {isa = PBXFileReference; lastKnownFileType = sourcecode.c.objc; path = CityViewCell.m; sourceTree = "<group>"; };
		D15895E61FA1832200F45647 /* CityViewCell.h */ = {isa = PBXFileReference; lastKnownFileType = sourcecode.c.h; path = CityViewCell.h; sourceTree = "<group>"; };
		D15895E71FA1832200F45647 /* HeadView.m */ = {isa = PBXFileReference; lastKnownFileType = sourcecode.c.objc; path = HeadView.m; sourceTree = "<group>"; };
		D15895E81FA1832200F45647 /* ItemViewCell.m */ = {isa = PBXFileReference; lastKnownFileType = sourcecode.c.objc; path = ItemViewCell.m; sourceTree = "<group>"; };
		D15895E91FA1832200F45647 /* ItemViewCell.h */ = {isa = PBXFileReference; lastKnownFileType = sourcecode.c.h; path = ItemViewCell.h; sourceTree = "<group>"; };
		D15895EA1FA1832200F45647 /* HeadView.xib */ = {isa = PBXFileReference; lastKnownFileType = file.xib; path = HeadView.xib; sourceTree = "<group>"; };
		D15895EB1FA1833900F45647 /* SearchResult.h */ = {isa = PBXFileReference; lastKnownFileType = sourcecode.c.h; path = SearchResult.h; sourceTree = "<group>"; };
		D15895EC1FA1833900F45647 /* SearchResult.m */ = {isa = PBXFileReference; lastKnownFileType = sourcecode.c.objc; path = SearchResult.m; sourceTree = "<group>"; };
		D15895EE1FA1834500F45647 /* NBSearchController.m */ = {isa = PBXFileReference; lastKnownFileType = sourcecode.c.objc; path = NBSearchController.m; sourceTree = "<group>"; };
		D15895EF1FA1834500F45647 /* NBSearchController.h */ = {isa = PBXFileReference; lastKnownFileType = sourcecode.c.h; path = NBSearchController.h; sourceTree = "<group>"; };
		D15895F01FA1834500F45647 /* NBSearchResultController.h */ = {isa = PBXFileReference; lastKnownFileType = sourcecode.c.h; path = NBSearchResultController.h; sourceTree = "<group>"; };
		D15895F11FA1834500F45647 /* NBSearchResultController.m */ = {isa = PBXFileReference; lastKnownFileType = sourcecode.c.objc; path = NBSearchResultController.m; sourceTree = "<group>"; };
		D15895F41FA1835C00F45647 /* Public.h */ = {isa = PBXFileReference; lastKnownFileType = sourcecode.c.h; path = Public.h; sourceTree = "<group>"; };
		D158961C1FA18E8700F45647 /* CityData.plist */ = {isa = PBXFileReference; lastKnownFileType = text.plist.xml; path = CityData.plist; sourceTree = "<group>"; };
		D15896201FA1BFF200F45647 /* ChineseInclude.h */ = {isa = PBXFileReference; lastKnownFileType = sourcecode.c.h; path = ChineseInclude.h; sourceTree = "<group>"; };
		D15896211FA1BFF200F45647 /* ChineseInclude.m */ = {isa = PBXFileReference; lastKnownFileType = sourcecode.c.objc; path = ChineseInclude.m; sourceTree = "<group>"; };
		D15896221FA1BFF200F45647 /* ChineseToPinyinResource.h */ = {isa = PBXFileReference; lastKnownFileType = sourcecode.c.h; path = ChineseToPinyinResource.h; sourceTree = "<group>"; };
		D15896231FA1BFF200F45647 /* ChineseToPinyinResource.m */ = {isa = PBXFileReference; lastKnownFileType = sourcecode.c.objc; path = ChineseToPinyinResource.m; sourceTree = "<group>"; };
		D15896241FA1BFF200F45647 /* HanyuPinyinOutputFormat.h */ = {isa = PBXFileReference; lastKnownFileType = sourcecode.c.h; path = HanyuPinyinOutputFormat.h; sourceTree = "<group>"; };
		D15896251FA1BFF200F45647 /* HanyuPinyinOutputFormat.m */ = {isa = PBXFileReference; lastKnownFileType = sourcecode.c.objc; path = HanyuPinyinOutputFormat.m; sourceTree = "<group>"; };
		D15896261FA1BFF200F45647 /* NSString+PinYin4Cocoa.h */ = {isa = PBXFileReference; lastKnownFileType = sourcecode.c.h; path = "NSString+PinYin4Cocoa.h"; sourceTree = "<group>"; };
		D15896271FA1BFF200F45647 /* NSString+PinYin4Cocoa.m */ = {isa = PBXFileReference; lastKnownFileType = sourcecode.c.objc; path = "NSString+PinYin4Cocoa.m"; sourceTree = "<group>"; };
		D15896281FA1BFF200F45647 /* PinYin4Objc.h */ = {isa = PBXFileReference; lastKnownFileType = sourcecode.c.h; path = PinYin4Objc.h; sourceTree = "<group>"; };
		D15896291FA1BFF200F45647 /* PinyinFormatter.h */ = {isa = PBXFileReference; lastKnownFileType = sourcecode.c.h; path = PinyinFormatter.h; sourceTree = "<group>"; };
		D158962A1FA1BFF200F45647 /* PinyinFormatter.m */ = {isa = PBXFileReference; lastKnownFileType = sourcecode.c.objc; path = PinyinFormatter.m; sourceTree = "<group>"; };
		D158962B1FA1BFF200F45647 /* PinYinForObjc.h */ = {isa = PBXFileReference; lastKnownFileType = sourcecode.c.h; path = PinYinForObjc.h; sourceTree = "<group>"; };
		D158962C1FA1BFF200F45647 /* PinYinForObjc.m */ = {isa = PBXFileReference; lastKnownFileType = sourcecode.c.objc; path = PinYinForObjc.m; sourceTree = "<group>"; };
		D158962D1FA1BFF200F45647 /* PinyinHelper.h */ = {isa = PBXFileReference; lastKnownFileType = sourcecode.c.h; path = PinyinHelper.h; sourceTree = "<group>"; };
		D158962E1FA1BFF200F45647 /* PinyinHelper.m */ = {isa = PBXFileReference; lastKnownFileType = sourcecode.c.objc; path = PinyinHelper.m; sourceTree = "<group>"; };
		D158962F1FA1BFF200F45647 /* unicode_to_hanyu_pinyin.txt */ = {isa = PBXFileReference; lastKnownFileType = text; path = unicode_to_hanyu_pinyin.txt; sourceTree = "<group>"; };
		D15896311FA1BFF200F45647 /* NSMutableArray+FilterElement.h */ = {isa = PBXFileReference; lastKnownFileType = sourcecode.c.h; path = "NSMutableArray+FilterElement.h"; sourceTree = "<group>"; };
		D15896321FA1BFF200F45647 /* NSMutableArray+FilterElement.m */ = {isa = PBXFileReference; lastKnownFileType = sourcecode.c.objc; path = "NSMutableArray+FilterElement.m"; sourceTree = "<group>"; };
		D16648521F9D8FF700F2A656 /* Sensor.app */ = {isa = PBXFileReference; explicitFileType = wrapper.application; includeInIndex = 0; path = Sensor.app; sourceTree = BUILT_PRODUCTS_DIR; };
		D16648551F9D8FF700F2A656 /* AppDelegate.h */ = {isa = PBXFileReference; lastKnownFileType = sourcecode.c.h; path = AppDelegate.h; sourceTree = "<group>"; };
		D16648561F9D8FF700F2A656 /* AppDelegate.m */ = {isa = PBXFileReference; lastKnownFileType = sourcecode.c.objc; path = AppDelegate.m; sourceTree = "<group>"; };
		D166485E1F9D8FF700F2A656 /* Assets.xcassets */ = {isa = PBXFileReference; lastKnownFileType = folder.assetcatalog; path = Assets.xcassets; sourceTree = "<group>"; };
		D16648611F9D8FF700F2A656 /* Base */ = {isa = PBXFileReference; lastKnownFileType = file.storyboard; name = Base; path = Base.lproj/LaunchScreen.storyboard; sourceTree = "<group>"; };
		D16648631F9D8FF700F2A656 /* Info.plist */ = {isa = PBXFileReference; lastKnownFileType = text.plist.xml; path = Info.plist; sourceTree = "<group>"; };
		D16648641F9D8FF700F2A656 /* main.m */ = {isa = PBXFileReference; lastKnownFileType = sourcecode.c.objc; path = main.m; sourceTree = "<group>"; };
		D166486E1F9D90E000F2A656 /* AFHTTPRequestOperation.h */ = {isa = PBXFileReference; fileEncoding = 4; lastKnownFileType = sourcecode.c.h; path = AFHTTPRequestOperation.h; sourceTree = "<group>"; };
		D166486F1F9D90E000F2A656 /* AFHTTPRequestOperation.m */ = {isa = PBXFileReference; fileEncoding = 4; lastKnownFileType = sourcecode.c.objc; path = AFHTTPRequestOperation.m; sourceTree = "<group>"; };
		D16648701F9D90E000F2A656 /* AFHTTPRequestOperationManager.h */ = {isa = PBXFileReference; fileEncoding = 4; lastKnownFileType = sourcecode.c.h; path = AFHTTPRequestOperationManager.h; sourceTree = "<group>"; };
		D16648711F9D90E000F2A656 /* AFHTTPRequestOperationManager.m */ = {isa = PBXFileReference; fileEncoding = 4; lastKnownFileType = sourcecode.c.objc; path = AFHTTPRequestOperationManager.m; sourceTree = "<group>"; };
		D16648721F9D90E000F2A656 /* AFHTTPSessionManager.h */ = {isa = PBXFileReference; fileEncoding = 4; lastKnownFileType = sourcecode.c.h; path = AFHTTPSessionManager.h; sourceTree = "<group>"; };
		D16648731F9D90E000F2A656 /* AFHTTPSessionManager.m */ = {isa = PBXFileReference; fileEncoding = 4; lastKnownFileType = sourcecode.c.objc; path = AFHTTPSessionManager.m; sourceTree = "<group>"; };
		D16648741F9D90E100F2A656 /* AFNetworking.h */ = {isa = PBXFileReference; fileEncoding = 4; lastKnownFileType = sourcecode.c.h; path = AFNetworking.h; sourceTree = "<group>"; };
		D16648751F9D90E100F2A656 /* AFNetworkReachabilityManager.h */ = {isa = PBXFileReference; fileEncoding = 4; lastKnownFileType = sourcecode.c.h; path = AFNetworkReachabilityManager.h; sourceTree = "<group>"; };
		D16648761F9D90E100F2A656 /* AFNetworkReachabilityManager.m */ = {isa = PBXFileReference; fileEncoding = 4; lastKnownFileType = sourcecode.c.objc; path = AFNetworkReachabilityManager.m; sourceTree = "<group>"; };
		D16648771F9D90E100F2A656 /* AFSecurityPolicy.h */ = {isa = PBXFileReference; fileEncoding = 4; lastKnownFileType = sourcecode.c.h; path = AFSecurityPolicy.h; sourceTree = "<group>"; };
		D16648781F9D90E100F2A656 /* AFSecurityPolicy.m */ = {isa = PBXFileReference; fileEncoding = 4; lastKnownFileType = sourcecode.c.objc; path = AFSecurityPolicy.m; sourceTree = "<group>"; };
		D16648791F9D90E100F2A656 /* AFURLConnectionOperation.h */ = {isa = PBXFileReference; fileEncoding = 4; lastKnownFileType = sourcecode.c.h; path = AFURLConnectionOperation.h; sourceTree = "<group>"; };
		D166487A1F9D90E100F2A656 /* AFURLConnectionOperation.m */ = {isa = PBXFileReference; fileEncoding = 4; lastKnownFileType = sourcecode.c.objc; path = AFURLConnectionOperation.m; sourceTree = "<group>"; };
		D166487B1F9D90E100F2A656 /* AFURLRequestSerialization.h */ = {isa = PBXFileReference; fileEncoding = 4; lastKnownFileType = sourcecode.c.h; path = AFURLRequestSerialization.h; sourceTree = "<group>"; };
		D166487C1F9D90E100F2A656 /* AFURLRequestSerialization.m */ = {isa = PBXFileReference; fileEncoding = 4; lastKnownFileType = sourcecode.c.objc; path = AFURLRequestSerialization.m; sourceTree = "<group>"; };
		D166487D1F9D90E100F2A656 /* AFURLResponseSerialization.h */ = {isa = PBXFileReference; fileEncoding = 4; lastKnownFileType = sourcecode.c.h; path = AFURLResponseSerialization.h; sourceTree = "<group>"; };
		D166487E1F9D90E100F2A656 /* AFURLResponseSerialization.m */ = {isa = PBXFileReference; fileEncoding = 4; lastKnownFileType = sourcecode.c.objc; path = AFURLResponseSerialization.m; sourceTree = "<group>"; };
		D166487F1F9D90E100F2A656 /* AFURLSessionManager.h */ = {isa = PBXFileReference; fileEncoding = 4; lastKnownFileType = sourcecode.c.h; path = AFURLSessionManager.h; sourceTree = "<group>"; };
		D16648801F9D90E100F2A656 /* AFURLSessionManager.m */ = {isa = PBXFileReference; fileEncoding = 4; lastKnownFileType = sourcecode.c.objc; path = AFURLSessionManager.m; sourceTree = "<group>"; };
		D16648821F9D90E100F2A656 /* AFNetworkActivityIndicatorManager.h */ = {isa = PBXFileReference; fileEncoding = 4; lastKnownFileType = sourcecode.c.h; path = AFNetworkActivityIndicatorManager.h; sourceTree = "<group>"; };
		D16648831F9D90E100F2A656 /* AFNetworkActivityIndicatorManager.m */ = {isa = PBXFileReference; fileEncoding = 4; lastKnownFileType = sourcecode.c.objc; path = AFNetworkActivityIndicatorManager.m; sourceTree = "<group>"; };
		D16648841F9D90E100F2A656 /* UIActivityIndicatorView+AFNetworking.h */ = {isa = PBXFileReference; fileEncoding = 4; lastKnownFileType = sourcecode.c.h; path = "UIActivityIndicatorView+AFNetworking.h"; sourceTree = "<group>"; };
		D16648851F9D90E100F2A656 /* UIActivityIndicatorView+AFNetworking.m */ = {isa = PBXFileReference; fileEncoding = 4; lastKnownFileType = sourcecode.c.objc; path = "UIActivityIndicatorView+AFNetworking.m"; sourceTree = "<group>"; };
		D16648861F9D90E100F2A656 /* UIAlertView+AFNetworking.h */ = {isa = PBXFileReference; fileEncoding = 4; lastKnownFileType = sourcecode.c.h; path = "UIAlertView+AFNetworking.h"; sourceTree = "<group>"; };
		D16648871F9D90E100F2A656 /* UIAlertView+AFNetworking.m */ = {isa = PBXFileReference; fileEncoding = 4; lastKnownFileType = sourcecode.c.objc; path = "UIAlertView+AFNetworking.m"; sourceTree = "<group>"; };
		D16648881F9D90E100F2A656 /* UIButton+AFNetworking.h */ = {isa = PBXFileReference; fileEncoding = 4; lastKnownFileType = sourcecode.c.h; path = "UIButton+AFNetworking.h"; sourceTree = "<group>"; };
		D16648891F9D90E100F2A656 /* UIButton+AFNetworking.m */ = {isa = PBXFileReference; fileEncoding = 4; lastKnownFileType = sourcecode.c.objc; path = "UIButton+AFNetworking.m"; sourceTree = "<group>"; };
		D166488A1F9D90E100F2A656 /* UIImage+AFNetworking.h */ = {isa = PBXFileReference; fileEncoding = 4; lastKnownFileType = sourcecode.c.h; path = "UIImage+AFNetworking.h"; sourceTree = "<group>"; };
		D166488B1F9D90E100F2A656 /* UIImageView+AFNetworking.h */ = {isa = PBXFileReference; fileEncoding = 4; lastKnownFileType = sourcecode.c.h; path = "UIImageView+AFNetworking.h"; sourceTree = "<group>"; };
		D166488C1F9D90E100F2A656 /* UIImageView+AFNetworking.m */ = {isa = PBXFileReference; fileEncoding = 4; lastKnownFileType = sourcecode.c.objc; path = "UIImageView+AFNetworking.m"; sourceTree = "<group>"; };
		D166488D1F9D90E100F2A656 /* UIKit+AFNetworking.h */ = {isa = PBXFileReference; fileEncoding = 4; lastKnownFileType = sourcecode.c.h; path = "UIKit+AFNetworking.h"; sourceTree = "<group>"; };
		D166488E1F9D90E100F2A656 /* UIProgressView+AFNetworking.h */ = {isa = PBXFileReference; fileEncoding = 4; lastKnownFileType = sourcecode.c.h; path = "UIProgressView+AFNetworking.h"; sourceTree = "<group>"; };
		D166488F1F9D90E100F2A656 /* UIProgressView+AFNetworking.m */ = {isa = PBXFileReference; fileEncoding = 4; lastKnownFileType = sourcecode.c.objc; path = "UIProgressView+AFNetworking.m"; sourceTree = "<group>"; };
		D16648901F9D90E100F2A656 /* UIRefreshControl+AFNetworking.h */ = {isa = PBXFileReference; fileEncoding = 4; lastKnownFileType = sourcecode.c.h; path = "UIRefreshControl+AFNetworking.h"; sourceTree = "<group>"; };
		D16648911F9D90E100F2A656 /* UIRefreshControl+AFNetworking.m */ = {isa = PBXFileReference; fileEncoding = 4; lastKnownFileType = sourcecode.c.objc; path = "UIRefreshControl+AFNetworking.m"; sourceTree = "<group>"; };
		D16648921F9D90E100F2A656 /* UIWebView+AFNetworking.h */ = {isa = PBXFileReference; fileEncoding = 4; lastKnownFileType = sourcecode.c.h; path = "UIWebView+AFNetworking.h"; sourceTree = "<group>"; };
		D16648931F9D90E100F2A656 /* UIWebView+AFNetworking.m */ = {isa = PBXFileReference; fileEncoding = 4; lastKnownFileType = sourcecode.c.objc; path = "UIWebView+AFNetworking.m"; sourceTree = "<group>"; };
		D16648961F9D90E100F2A656 /* IQNSArray+Sort.h */ = {isa = PBXFileReference; fileEncoding = 4; lastKnownFileType = sourcecode.c.h; path = "IQNSArray+Sort.h"; sourceTree = "<group>"; };
		D16648971F9D90E100F2A656 /* IQNSArray+Sort.m */ = {isa = PBXFileReference; fileEncoding = 4; lastKnownFileType = sourcecode.c.objc; path = "IQNSArray+Sort.m"; sourceTree = "<group>"; };
		D16648981F9D90E100F2A656 /* IQUITextFieldView+Additions.h */ = {isa = PBXFileReference; fileEncoding = 4; lastKnownFileType = sourcecode.c.h; path = "IQUITextFieldView+Additions.h"; sourceTree = "<group>"; };
		D16648991F9D90E100F2A656 /* IQUITextFieldView+Additions.m */ = {isa = PBXFileReference; fileEncoding = 4; lastKnownFileType = sourcecode.c.objc; path = "IQUITextFieldView+Additions.m"; sourceTree = "<group>"; };
		D166489A1F9D90E100F2A656 /* IQUIView+Hierarchy.h */ = {isa = PBXFileReference; fileEncoding = 4; lastKnownFileType = sourcecode.c.h; path = "IQUIView+Hierarchy.h"; sourceTree = "<group>"; };
		D166489B1F9D90E100F2A656 /* IQUIView+Hierarchy.m */ = {isa = PBXFileReference; fileEncoding = 4; lastKnownFileType = sourcecode.c.objc; path = "IQUIView+Hierarchy.m"; sourceTree = "<group>"; };
		D166489C1F9D90E100F2A656 /* IQUIViewController+Additions.h */ = {isa = PBXFileReference; fileEncoding = 4; lastKnownFileType = sourcecode.c.h; path = "IQUIViewController+Additions.h"; sourceTree = "<group>"; };
		D166489D1F9D90E100F2A656 /* IQUIViewController+Additions.m */ = {isa = PBXFileReference; fileEncoding = 4; lastKnownFileType = sourcecode.c.objc; path = "IQUIViewController+Additions.m"; sourceTree = "<group>"; };
		D166489E1F9D90E100F2A656 /* IQUIWindow+Hierarchy.h */ = {isa = PBXFileReference; fileEncoding = 4; lastKnownFileType = sourcecode.c.h; path = "IQUIWindow+Hierarchy.h"; sourceTree = "<group>"; };
		D166489F1F9D90E100F2A656 /* IQUIWindow+Hierarchy.m */ = {isa = PBXFileReference; fileEncoding = 4; lastKnownFileType = sourcecode.c.objc; path = "IQUIWindow+Hierarchy.m"; sourceTree = "<group>"; };
		D16648A11F9D90E100F2A656 /* IQKeyboardManagerConstants.h */ = {isa = PBXFileReference; fileEncoding = 4; lastKnownFileType = sourcecode.c.h; path = IQKeyboardManagerConstants.h; sourceTree = "<group>"; };
		D16648A21F9D90E100F2A656 /* IQKeyboardManagerConstantsInternal.h */ = {isa = PBXFileReference; fileEncoding = 4; lastKnownFileType = sourcecode.c.h; path = IQKeyboardManagerConstantsInternal.h; sourceTree = "<group>"; };
		D16648A31F9D90E100F2A656 /* IQKeyboardManager.h */ = {isa = PBXFileReference; fileEncoding = 4; lastKnownFileType = sourcecode.c.h; path = IQKeyboardManager.h; sourceTree = "<group>"; };
		D16648A41F9D90E100F2A656 /* IQKeyboardManager.m */ = {isa = PBXFileReference; fileEncoding = 4; lastKnownFileType = sourcecode.c.objc; path = IQKeyboardManager.m; sourceTree = "<group>"; };
		D16648A51F9D90E100F2A656 /* IQKeyboardReturnKeyHandler.h */ = {isa = PBXFileReference; fileEncoding = 4; lastKnownFileType = sourcecode.c.h; path = IQKeyboardReturnKeyHandler.h; sourceTree = "<group>"; };
		D16648A61F9D90E100F2A656 /* IQKeyboardReturnKeyHandler.m */ = {isa = PBXFileReference; fileEncoding = 4; lastKnownFileType = sourcecode.c.objc; path = IQKeyboardReturnKeyHandler.m; sourceTree = "<group>"; };
		D16648A81F9D90E100F2A656 /* IQSegmentedNextPrevious.h */ = {isa = PBXFileReference; fileEncoding = 4; lastKnownFileType = sourcecode.c.h; path = IQSegmentedNextPrevious.h; sourceTree = "<group>"; };
		D16648A91F9D90E100F2A656 /* IQSegmentedNextPrevious.m */ = {isa = PBXFileReference; fileEncoding = 4; lastKnownFileType = sourcecode.c.objc; path = IQSegmentedNextPrevious.m; sourceTree = "<group>"; };
		D16648AB1F9D90E100F2A656 /* IQTextView.h */ = {isa = PBXFileReference; fileEncoding = 4; lastKnownFileType = sourcecode.c.h; path = IQTextView.h; sourceTree = "<group>"; };
		D16648AC1F9D90E100F2A656 /* IQTextView.m */ = {isa = PBXFileReference; fileEncoding = 4; lastKnownFileType = sourcecode.c.objc; path = IQTextView.m; sourceTree = "<group>"; };
		D16648AE1F9D90E100F2A656 /* IQBarButtonItem.h */ = {isa = PBXFileReference; fileEncoding = 4; lastKnownFileType = sourcecode.c.h; path = IQBarButtonItem.h; sourceTree = "<group>"; };
		D16648AF1F9D90E100F2A656 /* IQBarButtonItem.m */ = {isa = PBXFileReference; fileEncoding = 4; lastKnownFileType = sourcecode.c.objc; path = IQBarButtonItem.m; sourceTree = "<group>"; };
		D16648B01F9D90E100F2A656 /* IQTitleBarButtonItem.h */ = {isa = PBXFileReference; fileEncoding = 4; lastKnownFileType = sourcecode.c.h; path = IQTitleBarButtonItem.h; sourceTree = "<group>"; };
		D16648B11F9D90E100F2A656 /* IQTitleBarButtonItem.m */ = {isa = PBXFileReference; fileEncoding = 4; lastKnownFileType = sourcecode.c.objc; path = IQTitleBarButtonItem.m; sourceTree = "<group>"; };
		D16648B21F9D90E100F2A656 /* IQToolbar.h */ = {isa = PBXFileReference; fileEncoding = 4; lastKnownFileType = sourcecode.c.h; path = IQToolbar.h; sourceTree = "<group>"; };
		D16648B31F9D90E100F2A656 /* IQToolbar.m */ = {isa = PBXFileReference; fileEncoding = 4; lastKnownFileType = sourcecode.c.objc; path = IQToolbar.m; sourceTree = "<group>"; };
		D16648B41F9D90E100F2A656 /* IQUIView+IQKeyboardToolbar.h */ = {isa = PBXFileReference; fileEncoding = 4; lastKnownFileType = sourcecode.c.h; path = "IQUIView+IQKeyboardToolbar.h"; sourceTree = "<group>"; };
		D16648B51F9D90E100F2A656 /* IQUIView+IQKeyboardToolbar.m */ = {isa = PBXFileReference; fileEncoding = 4; lastKnownFileType = sourcecode.c.objc; path = "IQUIView+IQKeyboardToolbar.m"; sourceTree = "<group>"; };
		D16648B61F9D90E100F2A656 /* KeyboardManager.h */ = {isa = PBXFileReference; fileEncoding = 4; lastKnownFileType = sourcecode.c.h; path = KeyboardManager.h; sourceTree = "<group>"; };
		D16648B81F9D90E100F2A656 /* IQKeyboardManager.bundle */ = {isa = PBXFileReference; lastKnownFileType = "wrapper.plug-in"; path = IQKeyboardManager.bundle; sourceTree = "<group>"; };
		D16648BA1F9D90E100F2A656 /* MBProgressHUD.bundle */ = {isa = PBXFileReference; lastKnownFileType = "wrapper.plug-in"; path = MBProgressHUD.bundle; sourceTree = "<group>"; };
		D16648BB1F9D90E100F2A656 /* MBProgressHUD.h */ = {isa = PBXFileReference; fileEncoding = 4; lastKnownFileType = sourcecode.c.h; path = MBProgressHUD.h; sourceTree = "<group>"; };
		D16648BC1F9D90E100F2A656 /* MBProgressHUD.m */ = {isa = PBXFileReference; fileEncoding = 4; lastKnownFileType = sourcecode.c.objc; path = MBProgressHUD.m; sourceTree = "<group>"; };
		D16648BE1F9D90E100F2A656 /* MJExtension.h */ = {isa = PBXFileReference; fileEncoding = 4; lastKnownFileType = sourcecode.c.h; path = MJExtension.h; sourceTree = "<group>"; };
		D16648BF1F9D90E100F2A656 /* MJExtensionConst.h */ = {isa = PBXFileReference; fileEncoding = 4; lastKnownFileType = sourcecode.c.h; path = MJExtensionConst.h; sourceTree = "<group>"; };
		D16648C01F9D90E100F2A656 /* MJExtensionConst.m */ = {isa = PBXFileReference; fileEncoding = 4; lastKnownFileType = sourcecode.c.objc; path = MJExtensionConst.m; sourceTree = "<group>"; };
		D16648C11F9D90E100F2A656 /* MJFoundation.h */ = {isa = PBXFileReference; fileEncoding = 4; lastKnownFileType = sourcecode.c.h; path = MJFoundation.h; sourceTree = "<group>"; };
		D16648C21F9D90E100F2A656 /* MJFoundation.m */ = {isa = PBXFileReference; fileEncoding = 4; lastKnownFileType = sourcecode.c.objc; path = MJFoundation.m; sourceTree = "<group>"; };
		D16648C31F9D90E100F2A656 /* MJProperty.h */ = {isa = PBXFileReference; fileEncoding = 4; lastKnownFileType = sourcecode.c.h; path = MJProperty.h; sourceTree = "<group>"; };
		D16648C41F9D90E100F2A656 /* MJProperty.m */ = {isa = PBXFileReference; fileEncoding = 4; lastKnownFileType = sourcecode.c.objc; path = MJProperty.m; sourceTree = "<group>"; };
		D16648C51F9D90E100F2A656 /* MJPropertyKey.h */ = {isa = PBXFileReference; fileEncoding = 4; lastKnownFileType = sourcecode.c.h; path = MJPropertyKey.h; sourceTree = "<group>"; };
		D16648C61F9D90E100F2A656 /* MJPropertyKey.m */ = {isa = PBXFileReference; fileEncoding = 4; lastKnownFileType = sourcecode.c.objc; path = MJPropertyKey.m; sourceTree = "<group>"; };
		D16648C71F9D90E100F2A656 /* MJPropertyType.h */ = {isa = PBXFileReference; fileEncoding = 4; lastKnownFileType = sourcecode.c.h; path = MJPropertyType.h; sourceTree = "<group>"; };
		D16648C81F9D90E100F2A656 /* MJPropertyType.m */ = {isa = PBXFileReference; fileEncoding = 4; lastKnownFileType = sourcecode.c.objc; path = MJPropertyType.m; sourceTree = "<group>"; };
		D16648C91F9D90E100F2A656 /* NSObject+MJClass.h */ = {isa = PBXFileReference; fileEncoding = 4; lastKnownFileType = sourcecode.c.h; path = "NSObject+MJClass.h"; sourceTree = "<group>"; };
		D16648CA1F9D90E100F2A656 /* NSObject+MJClass.m */ = {isa = PBXFileReference; fileEncoding = 4; lastKnownFileType = sourcecode.c.objc; path = "NSObject+MJClass.m"; sourceTree = "<group>"; };
		D16648CB1F9D90E100F2A656 /* NSObject+MJCoding.h */ = {isa = PBXFileReference; fileEncoding = 4; lastKnownFileType = sourcecode.c.h; path = "NSObject+MJCoding.h"; sourceTree = "<group>"; };
		D16648CC1F9D90E100F2A656 /* NSObject+MJCoding.m */ = {isa = PBXFileReference; fileEncoding = 4; lastKnownFileType = sourcecode.c.objc; path = "NSObject+MJCoding.m"; sourceTree = "<group>"; };
		D16648CD1F9D90E100F2A656 /* NSObject+MJKeyValue.h */ = {isa = PBXFileReference; fileEncoding = 4; lastKnownFileType = sourcecode.c.h; path = "NSObject+MJKeyValue.h"; sourceTree = "<group>"; };
		D16648CE1F9D90E100F2A656 /* NSObject+MJKeyValue.m */ = {isa = PBXFileReference; fileEncoding = 4; lastKnownFileType = sourcecode.c.objc; path = "NSObject+MJKeyValue.m"; sourceTree = "<group>"; };
		D16648CF1F9D90E100F2A656 /* NSObject+MJProperty.h */ = {isa = PBXFileReference; fileEncoding = 4; lastKnownFileType = sourcecode.c.h; path = "NSObject+MJProperty.h"; sourceTree = "<group>"; };
		D16648D01F9D90E100F2A656 /* NSObject+MJProperty.m */ = {isa = PBXFileReference; fileEncoding = 4; lastKnownFileType = sourcecode.c.objc; path = "NSObject+MJProperty.m"; sourceTree = "<group>"; };
		D16648D11F9D90E100F2A656 /* NSString+MJExtension.h */ = {isa = PBXFileReference; fileEncoding = 4; lastKnownFileType = sourcecode.c.h; path = "NSString+MJExtension.h"; sourceTree = "<group>"; };
		D16648D21F9D90E100F2A656 /* NSString+MJExtension.m */ = {isa = PBXFileReference; fileEncoding = 4; lastKnownFileType = sourcecode.c.objc; path = "NSString+MJExtension.m"; sourceTree = "<group>"; };
		D16648E71F9D90E200F2A656 /* UIControl+Blocks.h */ = {isa = PBXFileReference; fileEncoding = 4; lastKnownFileType = sourcecode.c.h; path = "UIControl+Blocks.h"; sourceTree = "<group>"; };
		D16648E81F9D90E200F2A656 /* UIControl+Blocks.m */ = {isa = PBXFileReference; fileEncoding = 4; lastKnownFileType = sourcecode.c.objc; path = "UIControl+Blocks.m"; sourceTree = "<group>"; };
		D16648F31F9D90E200F2A656 /* UIScreen+YuYue.h */ = {isa = PBXFileReference; fileEncoding = 4; lastKnownFileType = sourcecode.c.h; path = "UIScreen+YuYue.h"; sourceTree = "<group>"; };
		D16648F41F9D90E200F2A656 /* UIScreen+YuYue.m */ = {isa = PBXFileReference; fileEncoding = 4; lastKnownFileType = sourcecode.c.objc; path = "UIScreen+YuYue.m"; sourceTree = "<group>"; };
		D16648F71F9D90E200F2A656 /* UIView+Animations.h */ = {isa = PBXFileReference; fileEncoding = 4; lastKnownFileType = sourcecode.c.h; path = "UIView+Animations.h"; sourceTree = "<group>"; };
		D16648F81F9D90E200F2A656 /* UIView+Animations.m */ = {isa = PBXFileReference; fileEncoding = 4; lastKnownFileType = sourcecode.c.objc; path = "UIView+Animations.m"; sourceTree = "<group>"; };
		D16648F91F9D90E200F2A656 /* UIView+YuYue.h */ = {isa = PBXFileReference; fileEncoding = 4; lastKnownFileType = sourcecode.c.h; path = "UIView+YuYue.h"; sourceTree = "<group>"; };
		D16648FA1F9D90E200F2A656 /* UIView+YuYue.m */ = {isa = PBXFileReference; fileEncoding = 4; lastKnownFileType = sourcecode.c.objc; path = "UIView+YuYue.m"; sourceTree = "<group>"; };
		D16648FB1F9D90E200F2A656 /* UIViewController+YuYue.h */ = {isa = PBXFileReference; fileEncoding = 4; lastKnownFileType = sourcecode.c.h; path = "UIViewController+YuYue.h"; sourceTree = "<group>"; };
		D16648FC1F9D90E200F2A656 /* UIViewController+YuYue.m */ = {isa = PBXFileReference; fileEncoding = 4; lastKnownFileType = sourcecode.c.objc; path = "UIViewController+YuYue.m"; sourceTree = "<group>"; };
		D166494C1F9D93A500F2A656 /* SSHTTPManager.h */ = {isa = PBXFileReference; lastKnownFileType = sourcecode.c.h; path = SSHTTPManager.h; sourceTree = "<group>"; };
		D166494D1F9D93A500F2A656 /* SSHTTPManager.m */ = {isa = PBXFileReference; lastKnownFileType = sourcecode.c.objc; path = SSHTTPManager.m; sourceTree = "<group>"; };
		D166494F1F9D93B600F2A656 /* SSAPI.h */ = {isa = PBXFileReference; lastKnownFileType = sourcecode.c.h; path = SSAPI.h; sourceTree = "<group>"; };
		D16649501F9D93C300F2A656 /* SSMacro.h */ = {isa = PBXFileReference; lastKnownFileType = sourcecode.c.h; path = SSMacro.h; sourceTree = "<group>"; };
		D16649511F9D96ED00F2A656 /* SSBaseViewController.h */ = {isa = PBXFileReference; lastKnownFileType = sourcecode.c.h; path = SSBaseViewController.h; sourceTree = "<group>"; };
		D16649521F9D96ED00F2A656 /* SSBaseViewController.m */ = {isa = PBXFileReference; lastKnownFileType = sourcecode.c.objc; path = SSBaseViewController.m; sourceTree = "<group>"; };
		D16649571F9D9A6800F2A656 /* SSEquipmentViewController.h */ = {isa = PBXFileReference; lastKnownFileType = sourcecode.c.h; path = SSEquipmentViewController.h; sourceTree = "<group>"; };
		D16649581F9D9A6800F2A656 /* SSEquipmentViewController.m */ = {isa = PBXFileReference; lastKnownFileType = sourcecode.c.objc; path = SSEquipmentViewController.m; sourceTree = "<group>"; };
		D16649591F9D9A6800F2A656 /* SSEquipmentViewController.xib */ = {isa = PBXFileReference; lastKnownFileType = file.xib; path = SSEquipmentViewController.xib; sourceTree = "<group>"; };
		D166495C1F9D9A7500F2A656 /* SSHomeViewController.h */ = {isa = PBXFileReference; lastKnownFileType = sourcecode.c.h; path = SSHomeViewController.h; sourceTree = "<group>"; };
		D166495D1F9D9A7500F2A656 /* SSHomeViewController.m */ = {isa = PBXFileReference; lastKnownFileType = sourcecode.c.objc; path = SSHomeViewController.m; sourceTree = "<group>"; };
		D166495E1F9D9A7500F2A656 /* SSHomeViewController.xib */ = {isa = PBXFileReference; lastKnownFileType = file.xib; path = SSHomeViewController.xib; sourceTree = "<group>"; };
		D16649611F9D9A8200F2A656 /* SSUserSpaceViewController.h */ = {isa = PBXFileReference; lastKnownFileType = sourcecode.c.h; path = SSUserSpaceViewController.h; sourceTree = "<group>"; };
		D16649621F9D9A8200F2A656 /* SSUserSpaceViewController.m */ = {isa = PBXFileReference; lastKnownFileType = sourcecode.c.objc; path = SSUserSpaceViewController.m; sourceTree = "<group>"; };
		D16649631F9D9A8200F2A656 /* SSUserSpaceViewController.xib */ = {isa = PBXFileReference; lastKnownFileType = file.xib; path = SSUserSpaceViewController.xib; sourceTree = "<group>"; };
		D16649661F9D9AE100F2A656 /* SSLoginViewController.h */ = {isa = PBXFileReference; lastKnownFileType = sourcecode.c.h; path = SSLoginViewController.h; sourceTree = "<group>"; };
		D16649671F9D9AE100F2A656 /* SSLoginViewController.m */ = {isa = PBXFileReference; lastKnownFileType = sourcecode.c.objc; path = SSLoginViewController.m; sourceTree = "<group>"; };
		D16649681F9D9AE100F2A656 /* SSLoginViewController.xib */ = {isa = PBXFileReference; lastKnownFileType = file.xib; path = SSLoginViewController.xib; sourceTree = "<group>"; };
		D16649851F9DA6A200F2A656 /* Main.storyboard */ = {isa = PBXFileReference; lastKnownFileType = file.storyboard; path = Main.storyboard; sourceTree = "<group>"; };
		D17AEFA51FA1E16F001C52E0 /* SSBluetoothViewController.h */ = {isa = PBXFileReference; lastKnownFileType = sourcecode.c.h; path = SSBluetoothViewController.h; sourceTree = "<group>"; };
		D17AEFA61FA1E16F001C52E0 /* SSBluetoothViewController.m */ = {isa = PBXFileReference; lastKnownFileType = sourcecode.c.objc; path = SSBluetoothViewController.m; sourceTree = "<group>"; };
		D17AEFA71FA1E16F001C52E0 /* SSBluetoothViewController.xib */ = {isa = PBXFileReference; lastKnownFileType = file.xib; path = SSBluetoothViewController.xib; sourceTree = "<group>"; };
		D17AEFAD1FA2CBF2001C52E0 /* CoreBluetooth.framework */ = {isa = PBXFileReference; lastKnownFileType = wrapper.framework; name = CoreBluetooth.framework; path = System/Library/Frameworks/CoreBluetooth.framework; sourceTree = SDKROOT; };
		D17AEFAF1FA2FD91001C52E0 /* SSBlueTableViewCell.h */ = {isa = PBXFileReference; lastKnownFileType = sourcecode.c.h; path = SSBlueTableViewCell.h; sourceTree = "<group>"; };
		D17AEFB01FA2FD91001C52E0 /* SSBlueTableViewCell.m */ = {isa = PBXFileReference; lastKnownFileType = sourcecode.c.objc; path = SSBlueTableViewCell.m; sourceTree = "<group>"; };
		D17AEFB11FA2FD91001C52E0 /* SSBlueTableViewCell.xib */ = {isa = PBXFileReference; lastKnownFileType = file.xib; path = SSBlueTableViewCell.xib; sourceTree = "<group>"; };
		D17AEFBA1FA59A26001C52E0 /* SSBLEManager.h */ = {isa = PBXFileReference; lastKnownFileType = sourcecode.c.h; path = SSBLEManager.h; sourceTree = "<group>"; };
		D17AEFBB1FA59A26001C52E0 /* SSBLEManager.m */ = {isa = PBXFileReference; lastKnownFileType = sourcecode.c.objc; path = SSBLEManager.m; sourceTree = "<group>"; };
		D1C0B6321F9F78D300222DC1 /* STLoopProgressView.m */ = {isa = PBXFileReference; lastKnownFileType = sourcecode.c.objc; path = STLoopProgressView.m; sourceTree = "<group>"; };
		D1C0B6331F9F78D300222DC1 /* STLoopProgressView+BaseConfiguration.h */ = {isa = PBXFileReference; lastKnownFileType = sourcecode.c.h; path = "STLoopProgressView+BaseConfiguration.h"; sourceTree = "<group>"; };
		D1C0B6341F9F78D300222DC1 /* STLoopProgressView+BaseConfiguration.m */ = {isa = PBXFileReference; lastKnownFileType = sourcecode.c.objc; path = "STLoopProgressView+BaseConfiguration.m"; sourceTree = "<group>"; };
		D1C0B6351F9F78D300222DC1 /* STLoopProgressView.h */ = {isa = PBXFileReference; lastKnownFileType = sourcecode.c.h; path = STLoopProgressView.h; sourceTree = "<group>"; };
		D1C0B6381FA046E600222DC1 /* CoreLocation.framework */ = {isa = PBXFileReference; lastKnownFileType = wrapper.framework; name = CoreLocation.framework; path = System/Library/Frameworks/CoreLocation.framework; sourceTree = SDKROOT; };
		D1C0B63A1FA046ED00222DC1 /* QuartzCore.framework */ = {isa = PBXFileReference; lastKnownFileType = wrapper.framework; name = QuartzCore.framework; path = System/Library/Frameworks/QuartzCore.framework; sourceTree = SDKROOT; };
		D1C0B63C1FA046F400222DC1 /* OpenGLES.framework */ = {isa = PBXFileReference; lastKnownFileType = wrapper.framework; name = OpenGLES.framework; path = System/Library/Frameworks/OpenGLES.framework; sourceTree = SDKROOT; };
		D1C0B63E1FA046FA00222DC1 /* SystemConfiguration.framework */ = {isa = PBXFileReference; lastKnownFileType = wrapper.framework; name = SystemConfiguration.framework; path = System/Library/Frameworks/SystemConfiguration.framework; sourceTree = SDKROOT; };
		D1C0B6401FA0470200222DC1 /* CoreGraphics.framework */ = {isa = PBXFileReference; lastKnownFileType = wrapper.framework; name = CoreGraphics.framework; path = System/Library/Frameworks/CoreGraphics.framework; sourceTree = SDKROOT; };
		D1C0B6421FA0470900222DC1 /* Security.framework */ = {isa = PBXFileReference; lastKnownFileType = wrapper.framework; name = Security.framework; path = System/Library/Frameworks/Security.framework; sourceTree = SDKROOT; };
		D1C0B6E91FA05B0C00222DC1 /* SSLocation.h */ = {isa = PBXFileReference; lastKnownFileType = sourcecode.c.h; path = SSLocation.h; sourceTree = "<group>"; };
		D1C0B6EA1FA05B0C00222DC1 /* SSLocation.m */ = {isa = PBXFileReference; lastKnownFileType = sourcecode.c.objc; path = SSLocation.m; sourceTree = "<group>"; };
		D1C0B6ED1FA06EBB00222DC1 /* SSWeather.h */ = {isa = PBXFileReference; lastKnownFileType = sourcecode.c.h; path = SSWeather.h; sourceTree = "<group>"; };
		D1C0B6EE1FA06EBB00222DC1 /* SSWeather.m */ = {isa = PBXFileReference; lastKnownFileType = sourcecode.c.objc; path = SSWeather.m; sourceTree = "<group>"; };
		D1C0B6F21FA09F5C00222DC1 /* SSCityViewController.h */ = {isa = PBXFileReference; lastKnownFileType = sourcecode.c.h; path = SSCityViewController.h; sourceTree = "<group>"; };
		D1C0B6F31FA09F5C00222DC1 /* SSCityViewController.m */ = {isa = PBXFileReference; lastKnownFileType = sourcecode.c.objc; path = SSCityViewController.m; sourceTree = "<group>"; };
/* End PBXFileReference section */

/* Begin PBXFrameworksBuildPhase section */
		D166484F1F9D8FF700F2A656 /* Frameworks */ = {
			isa = PBXFrameworksBuildPhase;
			buildActionMask = 2147483647;
			files = (
				D17AEFAE1FA2CBF3001C52E0 /* CoreBluetooth.framework in Frameworks */,
				D1C0B6EC1FA06A1B00222DC1 /* CoreLocation.framework in Frameworks */,
			);
			runOnlyForDeploymentPostprocessing = 0;
		};
/* End PBXFrameworksBuildPhase section */

/* Begin PBXGroup section */
		D15895DF1FA1830F00F45647 /* CityList */ = {
			isa = PBXGroup;
			children = (
				D15895E11FA1831700F45647 /* ZWCollectionViewFlowLayout.h */,
				D15895E01FA1831700F45647 /* ZWCollectionViewFlowLayout.m */,
				D15895E61FA1832200F45647 /* CityViewCell.h */,
				D15895E51FA1832200F45647 /* CityViewCell.m */,
				D15895E21FA1832100F45647 /* CityViewCell.xib */,
				D15895E31FA1832100F45647 /* HeadView.h */,
				D15895E71FA1832200F45647 /* HeadView.m */,
				D15895EA1FA1832200F45647 /* HeadView.xib */,
				D15895E91FA1832200F45647 /* ItemViewCell.h */,
				D15895E81FA1832200F45647 /* ItemViewCell.m */,
				D15895E41FA1832100F45647 /* ItemViewCell.xib */,
			);
			path = CityList;
			sourceTree = "<group>";
		};
		D158961F1FA1BFF200F45647 /* PinYin */ = {
			isa = PBXGroup;
			children = (
				D15896201FA1BFF200F45647 /* ChineseInclude.h */,
				D15896211FA1BFF200F45647 /* ChineseInclude.m */,
				D15896221FA1BFF200F45647 /* ChineseToPinyinResource.h */,
				D15896231FA1BFF200F45647 /* ChineseToPinyinResource.m */,
				D15896241FA1BFF200F45647 /* HanyuPinyinOutputFormat.h */,
				D15896251FA1BFF200F45647 /* HanyuPinyinOutputFormat.m */,
				D15896261FA1BFF200F45647 /* NSString+PinYin4Cocoa.h */,
				D15896271FA1BFF200F45647 /* NSString+PinYin4Cocoa.m */,
				D15896281FA1BFF200F45647 /* PinYin4Objc.h */,
				D15896291FA1BFF200F45647 /* PinyinFormatter.h */,
				D158962A1FA1BFF200F45647 /* PinyinFormatter.m */,
				D158962B1FA1BFF200F45647 /* PinYinForObjc.h */,
				D158962C1FA1BFF200F45647 /* PinYinForObjc.m */,
				D158962D1FA1BFF200F45647 /* PinyinHelper.h */,
				D158962E1FA1BFF200F45647 /* PinyinHelper.m */,
				D158962F1FA1BFF200F45647 /* unicode_to_hanyu_pinyin.txt */,
			);
			name = PinYin;
			path = ../../../../Downloads/AddressInfo/AddressInfo/Lib/PinYin;
			sourceTree = "<group>";
		};
		D15896301FA1BFF200F45647 /* Category */ = {
			isa = PBXGroup;
			children = (
				D15896311FA1BFF200F45647 /* NSMutableArray+FilterElement.h */,
				D15896321FA1BFF200F45647 /* NSMutableArray+FilterElement.m */,
			);
			name = Category;
			path = ../../../../Downloads/AddressInfo/AddressInfo/Lib/Category;
			sourceTree = "<group>";
		};
		D16648491F9D8FF700F2A656 = {
			isa = PBXGroup;
			children = (
				D158961C1FA18E8700F45647 /* CityData.plist */,
				D16648541F9D8FF700F2A656 /* Sensor */,
				D16648531F9D8FF700F2A656 /* Products */,
				D1C0B6361FA046DB00222DC1 /* Frameworks */,
			);
			sourceTree = "<group>";
		};
		D16648531F9D8FF700F2A656 /* Products */ = {
			isa = PBXGroup;
			children = (
				D16648521F9D8FF700F2A656 /* Sensor.app */,
			);
			name = Products;
			sourceTree = "<group>";
		};
		D16648541F9D8FF700F2A656 /* Sensor */ = {
			isa = PBXGroup;
			children = (
				D16648551F9D8FF700F2A656 /* AppDelegate.h */,
				D16648561F9D8FF700F2A656 /* AppDelegate.m */,
				D16648D61F9D90E100F2A656 /* Category */,
				D166486B1F9D90E000F2A656 /* Constant */,
				D16648D31F9D90E100F2A656 /* Controller */,
				D16648D41F9D90E100F2A656 /* Model */,
				D166486C1F9D90E000F2A656 /* Vendor */,
				D16648D51F9D90E100F2A656 /* View */,
				D16649851F9DA6A200F2A656 /* Main.storyboard */,
				D166485E1F9D8FF700F2A656 /* Assets.xcassets */,
				D16648601F9D8FF700F2A656 /* LaunchScreen.storyboard */,
				D16648631F9D8FF700F2A656 /* Info.plist */,
				D16648641F9D8FF700F2A656 /* main.m */,
			);
			path = Sensor;
			sourceTree = "<group>";
		};
		D166486B1F9D90E000F2A656 /* Constant */ = {
			isa = PBXGroup;
			children = (
				D15896301FA1BFF200F45647 /* Category */,
				D158961F1FA1BFF200F45647 /* PinYin */,
				D1C0B6E81FA05AFD00222DC1 /* Location */,
				D1C0B62B1F9F649700222DC1 /* ProgressView */,
				D166494C1F9D93A500F2A656 /* SSHTTPManager.h */,
				D166494D1F9D93A500F2A656 /* SSHTTPManager.m */,
				D166494F1F9D93B600F2A656 /* SSAPI.h */,
				D16649501F9D93C300F2A656 /* SSMacro.h */,
				D13A71491F9F0C09008B9EBA /* SSUserManager.h */,
				D13A714A1F9F0C09008B9EBA /* SSUserManager.m */,
				D15895F41FA1835C00F45647 /* Public.h */,
				D17AEFBA1FA59A26001C52E0 /* SSBLEManager.h */,
				D17AEFBB1FA59A26001C52E0 /* SSBLEManager.m */,
			);
			path = Constant;
			sourceTree = "<group>";
		};
		D166486C1F9D90E000F2A656 /* Vendor */ = {
			isa = PBXGroup;
			children = (
				D166486D1F9D90E000F2A656 /* AFNetworking */,
				D16648941F9D90E100F2A656 /* IQKeyBoardManager */,
				D16648B91F9D90E100F2A656 /* MBProgessHUD */,
				D16648BD1F9D90E100F2A656 /* MJExtension */,
			);
			path = Vendor;
			sourceTree = "<group>";
		};
		D166486D1F9D90E000F2A656 /* AFNetworking */ = {
			isa = PBXGroup;
			children = (
				D166486E1F9D90E000F2A656 /* AFHTTPRequestOperation.h */,
				D166486F1F9D90E000F2A656 /* AFHTTPRequestOperation.m */,
				D16648701F9D90E000F2A656 /* AFHTTPRequestOperationManager.h */,
				D16648711F9D90E000F2A656 /* AFHTTPRequestOperationManager.m */,
				D16648721F9D90E000F2A656 /* AFHTTPSessionManager.h */,
				D16648731F9D90E000F2A656 /* AFHTTPSessionManager.m */,
				D16648741F9D90E100F2A656 /* AFNetworking.h */,
				D16648751F9D90E100F2A656 /* AFNetworkReachabilityManager.h */,
				D16648761F9D90E100F2A656 /* AFNetworkReachabilityManager.m */,
				D16648771F9D90E100F2A656 /* AFSecurityPolicy.h */,
				D16648781F9D90E100F2A656 /* AFSecurityPolicy.m */,
				D16648791F9D90E100F2A656 /* AFURLConnectionOperation.h */,
				D166487A1F9D90E100F2A656 /* AFURLConnectionOperation.m */,
				D166487B1F9D90E100F2A656 /* AFURLRequestSerialization.h */,
				D166487C1F9D90E100F2A656 /* AFURLRequestSerialization.m */,
				D166487D1F9D90E100F2A656 /* AFURLResponseSerialization.h */,
				D166487E1F9D90E100F2A656 /* AFURLResponseSerialization.m */,
				D166487F1F9D90E100F2A656 /* AFURLSessionManager.h */,
				D16648801F9D90E100F2A656 /* AFURLSessionManager.m */,
				D16648811F9D90E100F2A656 /* UIKit+AFNetworking */,
			);
			path = AFNetworking;
			sourceTree = "<group>";
		};
		D16648811F9D90E100F2A656 /* UIKit+AFNetworking */ = {
			isa = PBXGroup;
			children = (
				D16648821F9D90E100F2A656 /* AFNetworkActivityIndicatorManager.h */,
				D16648831F9D90E100F2A656 /* AFNetworkActivityIndicatorManager.m */,
				D16648841F9D90E100F2A656 /* UIActivityIndicatorView+AFNetworking.h */,
				D16648851F9D90E100F2A656 /* UIActivityIndicatorView+AFNetworking.m */,
				D16648861F9D90E100F2A656 /* UIAlertView+AFNetworking.h */,
				D16648871F9D90E100F2A656 /* UIAlertView+AFNetworking.m */,
				D16648881F9D90E100F2A656 /* UIButton+AFNetworking.h */,
				D16648891F9D90E100F2A656 /* UIButton+AFNetworking.m */,
				D166488A1F9D90E100F2A656 /* UIImage+AFNetworking.h */,
				D166488B1F9D90E100F2A656 /* UIImageView+AFNetworking.h */,
				D166488C1F9D90E100F2A656 /* UIImageView+AFNetworking.m */,
				D166488D1F9D90E100F2A656 /* UIKit+AFNetworking.h */,
				D166488E1F9D90E100F2A656 /* UIProgressView+AFNetworking.h */,
				D166488F1F9D90E100F2A656 /* UIProgressView+AFNetworking.m */,
				D16648901F9D90E100F2A656 /* UIRefreshControl+AFNetworking.h */,
				D16648911F9D90E100F2A656 /* UIRefreshControl+AFNetworking.m */,
				D16648921F9D90E100F2A656 /* UIWebView+AFNetworking.h */,
				D16648931F9D90E100F2A656 /* UIWebView+AFNetworking.m */,
			);
			path = "UIKit+AFNetworking";
			sourceTree = "<group>";
		};
		D16648941F9D90E100F2A656 /* IQKeyBoardManager */ = {
			isa = PBXGroup;
			children = (
				D16648951F9D90E100F2A656 /* Categories */,
				D16648A01F9D90E100F2A656 /* Constants */,
				D16648A31F9D90E100F2A656 /* IQKeyboardManager.h */,
				D16648A41F9D90E100F2A656 /* IQKeyboardManager.m */,
				D16648A51F9D90E100F2A656 /* IQKeyboardReturnKeyHandler.h */,
				D16648A61F9D90E100F2A656 /* IQKeyboardReturnKeyHandler.m */,
				D16648A71F9D90E100F2A656 /* IQSegmentedNextPrevious */,
				D16648AA1F9D90E100F2A656 /* IQTextView */,
				D16648AD1F9D90E100F2A656 /* IQToolbar */,
				D16648B61F9D90E100F2A656 /* KeyboardManager.h */,
				D16648B71F9D90E100F2A656 /* Resources */,
			);
			path = IQKeyBoardManager;
			sourceTree = "<group>";
		};
		D16648951F9D90E100F2A656 /* Categories */ = {
			isa = PBXGroup;
			children = (
				D16648961F9D90E100F2A656 /* IQNSArray+Sort.h */,
				D16648971F9D90E100F2A656 /* IQNSArray+Sort.m */,
				D16648981F9D90E100F2A656 /* IQUITextFieldView+Additions.h */,
				D16648991F9D90E100F2A656 /* IQUITextFieldView+Additions.m */,
				D166489A1F9D90E100F2A656 /* IQUIView+Hierarchy.h */,
				D166489B1F9D90E100F2A656 /* IQUIView+Hierarchy.m */,
				D166489C1F9D90E100F2A656 /* IQUIViewController+Additions.h */,
				D166489D1F9D90E100F2A656 /* IQUIViewController+Additions.m */,
				D166489E1F9D90E100F2A656 /* IQUIWindow+Hierarchy.h */,
				D166489F1F9D90E100F2A656 /* IQUIWindow+Hierarchy.m */,
			);
			path = Categories;
			sourceTree = "<group>";
		};
		D16648A01F9D90E100F2A656 /* Constants */ = {
			isa = PBXGroup;
			children = (
				D16648A11F9D90E100F2A656 /* IQKeyboardManagerConstants.h */,
				D16648A21F9D90E100F2A656 /* IQKeyboardManagerConstantsInternal.h */,
			);
			path = Constants;
			sourceTree = "<group>";
		};
		D16648A71F9D90E100F2A656 /* IQSegmentedNextPrevious */ = {
			isa = PBXGroup;
			children = (
				D16648A81F9D90E100F2A656 /* IQSegmentedNextPrevious.h */,
				D16648A91F9D90E100F2A656 /* IQSegmentedNextPrevious.m */,
			);
			path = IQSegmentedNextPrevious;
			sourceTree = "<group>";
		};
		D16648AA1F9D90E100F2A656 /* IQTextView */ = {
			isa = PBXGroup;
			children = (
				D16648AB1F9D90E100F2A656 /* IQTextView.h */,
				D16648AC1F9D90E100F2A656 /* IQTextView.m */,
			);
			path = IQTextView;
			sourceTree = "<group>";
		};
		D16648AD1F9D90E100F2A656 /* IQToolbar */ = {
			isa = PBXGroup;
			children = (
				D16648AE1F9D90E100F2A656 /* IQBarButtonItem.h */,
				D16648AF1F9D90E100F2A656 /* IQBarButtonItem.m */,
				D16648B01F9D90E100F2A656 /* IQTitleBarButtonItem.h */,
				D16648B11F9D90E100F2A656 /* IQTitleBarButtonItem.m */,
				D16648B21F9D90E100F2A656 /* IQToolbar.h */,
				D16648B31F9D90E100F2A656 /* IQToolbar.m */,
				D16648B41F9D90E100F2A656 /* IQUIView+IQKeyboardToolbar.h */,
				D16648B51F9D90E100F2A656 /* IQUIView+IQKeyboardToolbar.m */,
			);
			path = IQToolbar;
			sourceTree = "<group>";
		};
		D16648B71F9D90E100F2A656 /* Resources */ = {
			isa = PBXGroup;
			children = (
				D16648B81F9D90E100F2A656 /* IQKeyboardManager.bundle */,
			);
			path = Resources;
			sourceTree = "<group>";
		};
		D16648B91F9D90E100F2A656 /* MBProgessHUD */ = {
			isa = PBXGroup;
			children = (
				D16648BA1F9D90E100F2A656 /* MBProgressHUD.bundle */,
				D16648BB1F9D90E100F2A656 /* MBProgressHUD.h */,
				D16648BC1F9D90E100F2A656 /* MBProgressHUD.m */,
			);
			path = MBProgessHUD;
			sourceTree = "<group>";
		};
		D16648BD1F9D90E100F2A656 /* MJExtension */ = {
			isa = PBXGroup;
			children = (
				D16648BE1F9D90E100F2A656 /* MJExtension.h */,
				D16648BF1F9D90E100F2A656 /* MJExtensionConst.h */,
				D16648C01F9D90E100F2A656 /* MJExtensionConst.m */,
				D16648C11F9D90E100F2A656 /* MJFoundation.h */,
				D16648C21F9D90E100F2A656 /* MJFoundation.m */,
				D16648C31F9D90E100F2A656 /* MJProperty.h */,
				D16648C41F9D90E100F2A656 /* MJProperty.m */,
				D16648C51F9D90E100F2A656 /* MJPropertyKey.h */,
				D16648C61F9D90E100F2A656 /* MJPropertyKey.m */,
				D16648C71F9D90E100F2A656 /* MJPropertyType.h */,
				D16648C81F9D90E100F2A656 /* MJPropertyType.m */,
				D16648C91F9D90E100F2A656 /* NSObject+MJClass.h */,
				D16648CA1F9D90E100F2A656 /* NSObject+MJClass.m */,
				D16648CB1F9D90E100F2A656 /* NSObject+MJCoding.h */,
				D16648CC1F9D90E100F2A656 /* NSObject+MJCoding.m */,
				D16648CD1F9D90E100F2A656 /* NSObject+MJKeyValue.h */,
				D16648CE1F9D90E100F2A656 /* NSObject+MJKeyValue.m */,
				D16648CF1F9D90E100F2A656 /* NSObject+MJProperty.h */,
				D16648D01F9D90E100F2A656 /* NSObject+MJProperty.m */,
				D16648D11F9D90E100F2A656 /* NSString+MJExtension.h */,
				D16648D21F9D90E100F2A656 /* NSString+MJExtension.m */,
			);
			path = MJExtension;
			sourceTree = "<group>";
		};
		D16648D31F9D90E100F2A656 /* Controller */ = {
			isa = PBXGroup;
			children = (
				D166493C1F9D91E200F2A656 /* Common */,
				D166493B1F9D91E200F2A656 /* Equipment */,
				D166493E1F9D91E200F2A656 /* Home */,
				D166493D1F9D91E200F2A656 /* UserSpace */,
			);
			path = Controller;
			sourceTree = "<group>";
		};
		D16648D41F9D90E100F2A656 /* Model */ = {
			isa = PBXGroup;
			children = (
				D16649401F9D91EF00F2A656 /* Equipment */,
				D16649421F9D91EF00F2A656 /* Home */,
				D166493F1F9D91EF00F2A656 /* UserSpace */,
			);
			path = Model;
			sourceTree = "<group>";
		};
		D16648D51F9D90E100F2A656 /* View */ = {
			isa = PBXGroup;
			children = (
				D16649451F9D91F800F2A656 /* Common */,
				D16649461F9D91F800F2A656 /* Equipment */,
				D16649431F9D91F800F2A656 /* Home */,
				D16649441F9D91F800F2A656 /* UserSpace */,
			);
			path = View;
			sourceTree = "<group>";
		};
		D16648D61F9D90E100F2A656 /* Category */ = {
			isa = PBXGroup;
			children = (
				D16648E71F9D90E200F2A656 /* UIControl+Blocks.h */,
				D16648E81F9D90E200F2A656 /* UIControl+Blocks.m */,
				D16648F31F9D90E200F2A656 /* UIScreen+YuYue.h */,
				D16648F41F9D90E200F2A656 /* UIScreen+YuYue.m */,
				D16648F71F9D90E200F2A656 /* UIView+Animations.h */,
				D16648F81F9D90E200F2A656 /* UIView+Animations.m */,
				D16648F91F9D90E200F2A656 /* UIView+YuYue.h */,
				D16648FA1F9D90E200F2A656 /* UIView+YuYue.m */,
				D16648FB1F9D90E200F2A656 /* UIViewController+YuYue.h */,
				D16648FC1F9D90E200F2A656 /* UIViewController+YuYue.m */,
				D13A71391F9EE435008B9EBA /* CALayer+RSLayerColor.h */,
				D13A71381F9EE433008B9EBA /* CALayer+RSLayerColor.m */,
				D13A71401F9EEBC0008B9EBA /* NSString+BaseString.h */,
				D13A71411F9EEBC0008B9EBA /* NSString+BaseString.m */,
				D13A71431F9F064D008B9EBA /* UIColor+HxColor.h */,
				D13A71441F9F064D008B9EBA /* UIColor+HxColor.m */,
			);
			path = Category;
			sourceTree = "<group>";
		};
		D166493B1F9D91E200F2A656 /* Equipment */ = {
			isa = PBXGroup;
			children = (
				D16649571F9D9A6800F2A656 /* SSEquipmentViewController.h */,
				D16649581F9D9A6800F2A656 /* SSEquipmentViewController.m */,
				D16649591F9D9A6800F2A656 /* SSEquipmentViewController.xib */,
				D17AEFA51FA1E16F001C52E0 /* SSBluetoothViewController.h */,
				D17AEFA61FA1E16F001C52E0 /* SSBluetoothViewController.m */,
				D17AEFA71FA1E16F001C52E0 /* SSBluetoothViewController.xib */,
			);
			path = Equipment;
			sourceTree = "<group>";
		};
		D166493C1F9D91E200F2A656 /* Common */ = {
			isa = PBXGroup;
			children = (
				D13A71281F9DC885008B9EBA /* MainTabBarController.h */,
				D13A71291F9DC885008B9EBA /* MainTabBarController.m */,
				D16649511F9D96ED00F2A656 /* SSBaseViewController.h */,
				D16649521F9D96ED00F2A656 /* SSBaseViewController.m */,
			);
			path = Common;
			sourceTree = "<group>";
		};
		D166493D1F9D91E200F2A656 /* UserSpace */ = {
			isa = PBXGroup;
			children = (
				D16649611F9D9A8200F2A656 /* SSUserSpaceViewController.h */,
				D16649621F9D9A8200F2A656 /* SSUserSpaceViewController.m */,
				D16649631F9D9A8200F2A656 /* SSUserSpaceViewController.xib */,
				D16649661F9D9AE100F2A656 /* SSLoginViewController.h */,
				D16649671F9D9AE100F2A656 /* SSLoginViewController.m */,
				D16649681F9D9AE100F2A656 /* SSLoginViewController.xib */,
				D13A713B1F9EE969008B9EBA /* SSRegisterViewController.h */,
				D13A713C1F9EE969008B9EBA /* SSRegisterViewController.m */,
				D13A713D1F9EE969008B9EBA /* SSRegisterViewController.xib */,
				D13A714C1F9F38CE008B9EBA /* SSFindPasswordViewController.h */,
				D13A714D1F9F38CE008B9EBA /* SSFindPasswordViewController.m */,
				D13A714E1F9F38CE008B9EBA /* SSFindPasswordViewController.xib */,
			);
			path = UserSpace;
			sourceTree = "<group>";
		};
		D166493E1F9D91E200F2A656 /* Home */ = {
			isa = PBXGroup;
			children = (
				D166495C1F9D9A7500F2A656 /* SSHomeViewController.h */,
				D166495D1F9D9A7500F2A656 /* SSHomeViewController.m */,
				D166495E1F9D9A7500F2A656 /* SSHomeViewController.xib */,
				D1C0B6F21FA09F5C00222DC1 /* SSCityViewController.h */,
				D1C0B6F31FA09F5C00222DC1 /* SSCityViewController.m */,
				D15895EF1FA1834500F45647 /* NBSearchController.h */,
				D15895EE1FA1834500F45647 /* NBSearchController.m */,
				D15895F01FA1834500F45647 /* NBSearchResultController.h */,
				D15895F11FA1834500F45647 /* NBSearchResultController.m */,
			);
			path = Home;
			sourceTree = "<group>";
		};
		D166493F1F9D91EF00F2A656 /* UserSpace */ = {
			isa = PBXGroup;
			children = (
				D13A71461F9F0AA8008B9EBA /* SSUser.h */,
				D13A71471F9F0AA8008B9EBA /* SSUser.m */,
			);
			path = UserSpace;
			sourceTree = "<group>";
		};
		D16649401F9D91EF00F2A656 /* Equipment */ = {
			isa = PBXGroup;
			children = (
			);
			path = Equipment;
			sourceTree = "<group>";
		};
		D16649421F9D91EF00F2A656 /* Home */ = {
			isa = PBXGroup;
			children = (
				D1C0B6ED1FA06EBB00222DC1 /* SSWeather.h */,
				D1C0B6EE1FA06EBB00222DC1 /* SSWeather.m */,
				D15895EB1FA1833900F45647 /* SearchResult.h */,
				D15895EC1FA1833900F45647 /* SearchResult.m */,
			);
			path = Home;
			sourceTree = "<group>";
		};
		D16649431F9D91F800F2A656 /* Home */ = {
			isa = PBXGroup;
			children = (
				D15895DF1FA1830F00F45647 /* CityList */,
			);
			path = Home;
			sourceTree = "<group>";
		};
		D16649441F9D91F800F2A656 /* UserSpace */ = {
			isa = PBXGroup;
			children = (
			);
			path = UserSpace;
			sourceTree = "<group>";
		};
		D16649451F9D91F800F2A656 /* Common */ = {
			isa = PBXGroup;
			children = (
			);
			path = Common;
			sourceTree = "<group>";
		};
		D16649461F9D91F800F2A656 /* Equipment */ = {
			isa = PBXGroup;
			children = (
				D17AEFAF1FA2FD91001C52E0 /* SSBlueTableViewCell.h */,
				D17AEFB01FA2FD91001C52E0 /* SSBlueTableViewCell.m */,
				D17AEFB11FA2FD91001C52E0 /* SSBlueTableViewCell.xib */,
			);
			path = Equipment;
			sourceTree = "<group>";
		};
		D1C0B62B1F9F649700222DC1 /* ProgressView */ = {
			isa = PBXGroup;
			children = (
				D1C0B6351F9F78D300222DC1 /* STLoopProgressView.h */,
				D1C0B6321F9F78D300222DC1 /* STLoopProgressView.m */,
				D1C0B6331F9F78D300222DC1 /* STLoopProgressView+BaseConfiguration.h */,
				D1C0B6341F9F78D300222DC1 /* STLoopProgressView+BaseConfiguration.m */,
			);
			path = ProgressView;
			sourceTree = "<group>";
		};
		D1C0B6361FA046DB00222DC1 /* Frameworks */ = {
			isa = PBXGroup;
			children = (
				D17AEFAD1FA2CBF2001C52E0 /* CoreBluetooth.framework */,
				D1C0B6421FA0470900222DC1 /* Security.framework */,
				D1C0B6401FA0470200222DC1 /* CoreGraphics.framework */,
				D1C0B63E1FA046FA00222DC1 /* SystemConfiguration.framework */,
				D1C0B63C1FA046F400222DC1 /* OpenGLES.framework */,
				D1C0B63A1FA046ED00222DC1 /* QuartzCore.framework */,
				D1C0B6381FA046E600222DC1 /* CoreLocation.framework */,
			);
			name = Frameworks;
			sourceTree = "<group>";
		};
		D1C0B6E81FA05AFD00222DC1 /* Location */ = {
			isa = PBXGroup;
			children = (
				D1C0B6E91FA05B0C00222DC1 /* SSLocation.h */,
				D1C0B6EA1FA05B0C00222DC1 /* SSLocation.m */,
			);
			path = Location;
			sourceTree = "<group>";
		};
/* End PBXGroup section */

/* Begin PBXNativeTarget section */
		D16648511F9D8FF700F2A656 /* Sensor */ = {
			isa = PBXNativeTarget;
			buildConfigurationList = D16648681F9D8FF700F2A656 /* Build configuration list for PBXNativeTarget "Sensor" */;
			buildPhases = (
				D166484E1F9D8FF700F2A656 /* Sources */,
				D166484F1F9D8FF700F2A656 /* Frameworks */,
				D16648501F9D8FF700F2A656 /* Resources */,
			);
			buildRules = (
			);
			dependencies = (
			);
			name = Sensor;
			productName = Sensor;
			productReference = D16648521F9D8FF700F2A656 /* Sensor.app */;
			productType = "com.apple.product-type.application";
		};
/* End PBXNativeTarget section */

/* Begin PBXProject section */
		D166484A1F9D8FF700F2A656 /* Project object */ = {
			isa = PBXProject;
			attributes = {
				LastUpgradeCheck = 0900;
				ORGANIZATIONNAME = xiaodongdan;
				TargetAttributes = {
					D16648511F9D8FF700F2A656 = {
						CreatedOnToolsVersion = 9.0;
						ProvisioningStyle = Automatic;
						SystemCapabilities = {
							com.apple.BackgroundModes = {
								enabled = 1;
							};
						};
					};
				};
			};
			buildConfigurationList = D166484D1F9D8FF700F2A656 /* Build configuration list for PBXProject "Sensor" */;
			compatibilityVersion = "Xcode 8.0";
			developmentRegion = en;
			hasScannedForEncodings = 0;
			knownRegions = (
				en,
				Base,
			);
			mainGroup = D16648491F9D8FF700F2A656;
			productRefGroup = D16648531F9D8FF700F2A656 /* Products */;
			projectDirPath = "";
			projectRoot = "";
			targets = (
				D16648511F9D8FF700F2A656 /* Sensor */,
			);
		};
/* End PBXProject section */

/* Begin PBXResourcesBuildPhase section */
		D16648501F9D8FF700F2A656 /* Resources */ = {
			isa = PBXResourcesBuildPhase;
			buildActionMask = 2147483647;
			files = (
				D158963B1FA1C78600F45647 /* unicode_to_hanyu_pinyin.txt in Resources */,
				D15896181FA18A4300F45647 /* ItemViewCell.xib in Resources */,
				D158961D1FA18E8700F45647 /* CityData.plist in Resources */,
				D15896171FA18A3D00F45647 /* HeadView.xib in Resources */,
				D15896161FA18A3200F45647 /* CityViewCell.xib in Resources */,
				D13A71501F9F38CE008B9EBA /* SSFindPasswordViewController.xib in Resources */,
				D17AEFB31FA2FD91001C52E0 /* SSBlueTableViewCell.xib in Resources */,
				D16648621F9D8FF700F2A656 /* LaunchScreen.storyboard in Resources */,
				D166485F1F9D8FF700F2A656 /* Assets.xcassets in Resources */,
				D166491C1F9D90E200F2A656 /* MBProgressHUD.bundle in Resources */,
				D17AEFA91FA1E16F001C52E0 /* SSBluetoothViewController.xib in Resources */,
				D13A713F1F9EE969008B9EBA /* SSRegisterViewController.xib in Resources */,
				D166491B1F9D90E200F2A656 /* IQKeyboardManager.bundle in Resources */,
				D16649601F9D9A7500F2A656 /* SSHomeViewController.xib in Resources */,
				D16649651F9D9A8200F2A656 /* SSUserSpaceViewController.xib in Resources */,
				D166495B1F9D9A6800F2A656 /* SSEquipmentViewController.xib in Resources */,
				D166496A1F9D9AE100F2A656 /* SSLoginViewController.xib in Resources */,
			);
			runOnlyForDeploymentPostprocessing = 0;
		};
/* End PBXResourcesBuildPhase section */

/* Begin PBXSourcesBuildPhase section */
		D166484E1F9D8FF700F2A656 /* Sources */ = {
			isa = PBXSourcesBuildPhase;
			buildActionMask = 2147483647;
			files = (
				D158963A1FA1C05E00F45647 /* ChineseInclude.m in Sources */,
				D15896391FA1C05900F45647 /* NSMutableArray+FilterElement.m in Sources */,
				D15896381FA1C03B00F45647 /* PinyinHelper.m in Sources */,
				D15896371FA1C03600F45647 /* PinYinForObjc.m in Sources */,
				D15896361FA1C03000F45647 /* PinyinFormatter.m in Sources */,
				D15896351FA1C02B00F45647 /* NSString+PinYin4Cocoa.m in Sources */,
				D15896341FA1C02500F45647 /* HanyuPinyinOutputFormat.m in Sources */,
				D15896331FA1C01E00F45647 /* ChineseToPinyinResource.m in Sources */,
				D158960C1FA1849F00F45647 /* ZWCollectionViewFlowLayout.m in Sources */,
				D158960B1FA1847000F45647 /* CityViewCell.m in Sources */,
				D158960A1FA1846200F45647 /* ItemViewCell.m in Sources */,
				D15896091FA1844D00F45647 /* HeadView.m in Sources */,
				D1C0B6F11FA072EC00222DC1 /* STLoopProgressView+BaseConfiguration.m in Sources */,
				D1C0B6F01FA071F000222DC1 /* STLoopProgressView.m in Sources */,
				D16649221F9D90E200F2A656 /* MJPropertyType.m in Sources */,
				D13A71421F9EEBC0008B9EBA /* NSString+BaseString.m in Sources */,
				D166490F1F9D90E200F2A656 /* IQUITextFieldView+Additions.m in Sources */,
				D16648FD1F9D90E200F2A656 /* AFHTTPRequestOperation.m in Sources */,
				D166490A1F9D90E200F2A656 /* UIImageView+AFNetworking.m in Sources */,
				D166491F1F9D90E200F2A656 /* MJFoundation.m in Sources */,
				D1C0B6EB1FA05B0C00222DC1 /* SSLocation.m in Sources */,
				D166490E1F9D90E200F2A656 /* IQNSArray+Sort.m in Sources */,
				D16648FE1F9D90E200F2A656 /* AFHTTPRequestOperationManager.m in Sources */,
				D166490B1F9D90E200F2A656 /* UIProgressView+AFNetworking.m in Sources */,
				D166491D1F9D90E200F2A656 /* MBProgressHUD.m in Sources */,
				D16649251F9D90E200F2A656 /* NSObject+MJKeyValue.m in Sources */,
				D16649101F9D90E200F2A656 /* IQUIView+Hierarchy.m in Sources */,
				D16649271F9D90E200F2A656 /* NSString+MJExtension.m in Sources */,
				D166495A1F9D9A6800F2A656 /* SSEquipmentViewController.m in Sources */,
				D15895ED1FA1833900F45647 /* SearchResult.m in Sources */,
				D16649691F9D9AE100F2A656 /* SSLoginViewController.m in Sources */,
				D17AEFB21FA2FD91001C52E0 /* SSBlueTableViewCell.m in Sources */,
				D166493A1F9D90E200F2A656 /* UIViewController+YuYue.m in Sources */,
				D15895F21FA1834500F45647 /* NBSearchController.m in Sources */,
				D13A714F1F9F38CE008B9EBA /* SSFindPasswordViewController.m in Sources */,
				D16649241F9D90E200F2A656 /* NSObject+MJCoding.m in Sources */,
				D16649001F9D90E200F2A656 /* AFNetworkReachabilityManager.m in Sources */,
				D17AEFBC1FA59A26001C52E0 /* SSBLEManager.m in Sources */,
				D16649041F9D90E200F2A656 /* AFURLResponseSerialization.m in Sources */,
				D16649231F9D90E200F2A656 /* NSObject+MJClass.m in Sources */,
				D16649131F9D90E200F2A656 /* IQKeyboardManager.m in Sources */,
				D13A714B1F9F0C09008B9EBA /* SSUserManager.m in Sources */,
				D13A71481F9F0AA8008B9EBA /* SSUser.m in Sources */,
				D16649111F9D90E200F2A656 /* IQUIViewController+Additions.m in Sources */,
				D13A712A1F9DC885008B9EBA /* MainTabBarController.m in Sources */,
				D16649021F9D90E200F2A656 /* AFURLConnectionOperation.m in Sources */,
				D13A713A1F9EE435008B9EBA /* CALayer+RSLayerColor.m in Sources */,
				D16649141F9D90E200F2A656 /* IQKeyboardReturnKeyHandler.m in Sources */,
				D16649091F9D90E200F2A656 /* UIButton+AFNetworking.m in Sources */,
				D166491E1F9D90E200F2A656 /* MJExtensionConst.m in Sources */,
				D17AEFA81FA1E16F001C52E0 /* SSBluetoothViewController.m in Sources */,
				D16649071F9D90E200F2A656 /* UIActivityIndicatorView+AFNetworking.m in Sources */,
				D16649011F9D90E200F2A656 /* AFSecurityPolicy.m in Sources */,
				D166490C1F9D90E200F2A656 /* UIRefreshControl+AFNetworking.m in Sources */,
				D16649151F9D90E200F2A656 /* IQSegmentedNextPrevious.m in Sources */,
				D15895F31FA1834500F45647 /* NBSearchResultController.m in Sources */,
				D16649531F9D96ED00F2A656 /* SSBaseViewController.m in Sources */,
				D166494E1F9D93A500F2A656 /* SSHTTPManager.m in Sources */,
				D16649391F9D90E200F2A656 /* UIView+YuYue.m in Sources */,
				D16649381F9D90E200F2A656 /* UIView+Animations.m in Sources */,
				D16649191F9D90E200F2A656 /* IQToolbar.m in Sources */,
				D166490D1F9D90E200F2A656 /* UIWebView+AFNetworking.m in Sources */,
				D13A71451F9F064E008B9EBA /* UIColor+HxColor.m in Sources */,
				D16649201F9D90E200F2A656 /* MJProperty.m in Sources */,
				D16649121F9D90E200F2A656 /* IQUIWindow+Hierarchy.m in Sources */,
				D16649261F9D90E200F2A656 /* NSObject+MJProperty.m in Sources */,
				D16649161F9D90E200F2A656 /* IQTextView.m in Sources */,
				D16649211F9D90E200F2A656 /* MJPropertyKey.m in Sources */,
				D166495F1F9D9A7500F2A656 /* SSHomeViewController.m in Sources */,
				D16648FF1F9D90E200F2A656 /* AFHTTPSessionManager.m in Sources */,
				D13A713E1F9EE969008B9EBA /* SSRegisterViewController.m in Sources */,
				D16649181F9D90E200F2A656 /* IQTitleBarButtonItem.m in Sources */,
				D1C0B6EF1FA06EBB00222DC1 /* SSWeather.m in Sources */,
				D166491A1F9D90E200F2A656 /* IQUIView+IQKeyboardToolbar.m in Sources */,
				D16649081F9D90E200F2A656 /* UIAlertView+AFNetworking.m in Sources */,
				D16649031F9D90E200F2A656 /* AFURLRequestSerialization.m in Sources */,
				D16649301F9D90E200F2A656 /* UIControl+Blocks.m in Sources */,
				D16649061F9D90E200F2A656 /* AFNetworkActivityIndicatorManager.m in Sources */,
				D16649171F9D90E200F2A656 /* IQBarButtonItem.m in Sources */,
				D16649051F9D90E200F2A656 /* AFURLSessionManager.m in Sources */,
				D16648651F9D8FF700F2A656 /* main.m in Sources */,
				D16649361F9D90E200F2A656 /* UIScreen+YuYue.m in Sources */,
				D16648571F9D8FF700F2A656 /* AppDelegate.m in Sources */,
				D16649641F9D9A8200F2A656 /* SSUserSpaceViewController.m in Sources */,
				D1C0B6F51FA09F5D00222DC1 /* SSCityViewController.m in Sources */,
			);
			runOnlyForDeploymentPostprocessing = 0;
		};
/* End PBXSourcesBuildPhase section */

/* Begin PBXVariantGroup section */
		D16648601F9D8FF700F2A656 /* LaunchScreen.storyboard */ = {
			isa = PBXVariantGroup;
			children = (
				D16648611F9D8FF700F2A656 /* Base */,
			);
			name = LaunchScreen.storyboard;
			sourceTree = "<group>";
		};
/* End PBXVariantGroup section */

/* Begin XCBuildConfiguration section */
		D16648661F9D8FF700F2A656 /* Debug */ = {
			isa = XCBuildConfiguration;
			buildSettings = {
				ALWAYS_SEARCH_USER_PATHS = NO;
				CLANG_ANALYZER_NONNULL = YES;
				CLANG_ANALYZER_NUMBER_OBJECT_CONVERSION = YES_AGGRESSIVE;
				CLANG_CXX_LANGUAGE_STANDARD = "gnu++14";
				CLANG_CXX_LIBRARY = "libc++";
				CLANG_ENABLE_MODULES = YES;
				CLANG_ENABLE_OBJC_ARC = YES;
				CLANG_WARN_BLOCK_CAPTURE_AUTORELEASING = YES;
				CLANG_WARN_BOOL_CONVERSION = YES;
				CLANG_WARN_COMMA = YES;
				CLANG_WARN_CONSTANT_CONVERSION = YES;
				CLANG_WARN_DIRECT_OBJC_ISA_USAGE = YES_ERROR;
				CLANG_WARN_DOCUMENTATION_COMMENTS = YES;
				CLANG_WARN_EMPTY_BODY = YES;
				CLANG_WARN_ENUM_CONVERSION = YES;
				CLANG_WARN_INFINITE_RECURSION = YES;
				CLANG_WARN_INT_CONVERSION = YES;
				CLANG_WARN_NON_LITERAL_NULL_CONVERSION = YES;
				CLANG_WARN_OBJC_LITERAL_CONVERSION = YES;
				CLANG_WARN_OBJC_ROOT_CLASS = YES_ERROR;
				CLANG_WARN_RANGE_LOOP_ANALYSIS = YES;
				CLANG_WARN_STRICT_PROTOTYPES = YES;
				CLANG_WARN_SUSPICIOUS_MOVE = YES;
				CLANG_WARN_UNGUARDED_AVAILABILITY = YES_AGGRESSIVE;
				CLANG_WARN_UNREACHABLE_CODE = YES;
				CLANG_WARN__DUPLICATE_METHOD_MATCH = YES;
				CODE_SIGN_IDENTITY = "iPhone Developer";
				COPY_PHASE_STRIP = NO;
				DEBUG_INFORMATION_FORMAT = dwarf;
				ENABLE_STRICT_OBJC_MSGSEND = YES;
				ENABLE_TESTABILITY = YES;
				GCC_C_LANGUAGE_STANDARD = gnu11;
				GCC_DYNAMIC_NO_PIC = NO;
				GCC_INPUT_FILETYPE = automatic;
				GCC_NO_COMMON_BLOCKS = YES;
				GCC_OPTIMIZATION_LEVEL = 0;
				GCC_PREPROCESSOR_DEFINITIONS = (
					"DEBUG=1",
					"$(inherited)",
				);
				GCC_WARN_64_TO_32_BIT_CONVERSION = YES;
				GCC_WARN_ABOUT_RETURN_TYPE = YES_ERROR;
				GCC_WARN_UNDECLARED_SELECTOR = YES;
				GCC_WARN_UNINITIALIZED_AUTOS = YES_AGGRESSIVE;
				GCC_WARN_UNUSED_FUNCTION = YES;
				GCC_WARN_UNUSED_VARIABLE = YES;
				IPHONEOS_DEPLOYMENT_TARGET = 11.0;
				MTL_ENABLE_DEBUG_INFO = YES;
				ONLY_ACTIVE_ARCH = YES;
				SDKROOT = iphoneos;
			};
			name = Debug;
		};
		D16648671F9D8FF700F2A656 /* Release */ = {
			isa = XCBuildConfiguration;
			buildSettings = {
				ALWAYS_SEARCH_USER_PATHS = NO;
				CLANG_ANALYZER_NONNULL = YES;
				CLANG_ANALYZER_NUMBER_OBJECT_CONVERSION = YES_AGGRESSIVE;
				CLANG_CXX_LANGUAGE_STANDARD = "gnu++14";
				CLANG_CXX_LIBRARY = "libc++";
				CLANG_ENABLE_MODULES = YES;
				CLANG_ENABLE_OBJC_ARC = YES;
				CLANG_WARN_BLOCK_CAPTURE_AUTORELEASING = YES;
				CLANG_WARN_BOOL_CONVERSION = YES;
				CLANG_WARN_COMMA = YES;
				CLANG_WARN_CONSTANT_CONVERSION = YES;
				CLANG_WARN_DIRECT_OBJC_ISA_USAGE = YES_ERROR;
				CLANG_WARN_DOCUMENTATION_COMMENTS = YES;
				CLANG_WARN_EMPTY_BODY = YES;
				CLANG_WARN_ENUM_CONVERSION = YES;
				CLANG_WARN_INFINITE_RECURSION = YES;
				CLANG_WARN_INT_CONVERSION = YES;
				CLANG_WARN_NON_LITERAL_NULL_CONVERSION = YES;
				CLANG_WARN_OBJC_LITERAL_CONVERSION = YES;
				CLANG_WARN_OBJC_ROOT_CLASS = YES_ERROR;
				CLANG_WARN_RANGE_LOOP_ANALYSIS = YES;
				CLANG_WARN_STRICT_PROTOTYPES = YES;
				CLANG_WARN_SUSPICIOUS_MOVE = YES;
				CLANG_WARN_UNGUARDED_AVAILABILITY = YES_AGGRESSIVE;
				CLANG_WARN_UNREACHABLE_CODE = YES;
				CLANG_WARN__DUPLICATE_METHOD_MATCH = YES;
				CODE_SIGN_IDENTITY = "iPhone Developer";
				COPY_PHASE_STRIP = NO;
				DEBUG_INFORMATION_FORMAT = "dwarf-with-dsym";
				ENABLE_NS_ASSERTIONS = NO;
				ENABLE_STRICT_OBJC_MSGSEND = YES;
				GCC_C_LANGUAGE_STANDARD = gnu11;
				GCC_INPUT_FILETYPE = automatic;
				GCC_NO_COMMON_BLOCKS = YES;
				GCC_WARN_64_TO_32_BIT_CONVERSION = YES;
				GCC_WARN_ABOUT_RETURN_TYPE = YES_ERROR;
				GCC_WARN_UNDECLARED_SELECTOR = YES;
				GCC_WARN_UNINITIALIZED_AUTOS = YES_AGGRESSIVE;
				GCC_WARN_UNUSED_FUNCTION = YES;
				GCC_WARN_UNUSED_VARIABLE = YES;
				IPHONEOS_DEPLOYMENT_TARGET = 11.0;
				MTL_ENABLE_DEBUG_INFO = NO;
				SDKROOT = iphoneos;
				VALIDATE_PRODUCT = YES;
			};
			name = Release;
		};
		D16648691F9D8FF700F2A656 /* Debug */ = {
			isa = XCBuildConfiguration;
			buildSettings = {
				ASSETCATALOG_COMPILER_APPICON_NAME = AppIcon;
				"CODE_SIGN_IDENTITY[sdk=iphoneos*]" = "iPhone Developer";
				CODE_SIGN_STYLE = Automatic;
				DEVELOPMENT_TEAM = 52YYV37UNZ;
				ENABLE_BITCODE = NO;
				FRAMEWORK_SEARCH_PATHS = (
					"$(inherited)",
					"$(PROJECT_DIR)",
				);
				INFOPLIST_FILE = Sensor/Info.plist;
				IPHONEOS_DEPLOYMENT_TARGET = 9.0;
				LD_RUNPATH_SEARCH_PATHS = "$(inherited) @executable_path/Frameworks";
				LIBRARY_SEARCH_PATHS = (
					"$(inherited)",
					"$(PROJECT_DIR)/Sensor/Vendor/BaiduMapSDK",
					"$(PROJECT_DIR)/Sensor/Vendor/BaiduMapSDK/thirdlibs",
				);
				ONLY_ACTIVE_ARCH = YES;
				OTHER_LDFLAGS = "-ObjC";
				PRODUCT_BUNDLE_IDENTIFIER = com.sensor.Sensor;
				PRODUCT_NAME = "$(TARGET_NAME)";
				PROVISIONING_PROFILE_SPECIFIER = "";
				TARGETED_DEVICE_FAMILY = 1;
				VALID_ARCHS = "arm64 arm7 armv7";
			};
			name = Debug;
		};
		D166486A1F9D8FF700F2A656 /* Release */ = {
			isa = XCBuildConfiguration;
			buildSettings = {
				ASSETCATALOG_COMPILER_APPICON_NAME = AppIcon;
				"CODE_SIGN_IDENTITY[sdk=iphoneos*]" = "iPhone Developer";
				CODE_SIGN_STYLE = Automatic;
				DEVELOPMENT_TEAM = 52YYV37UNZ;
				ENABLE_BITCODE = NO;
				FRAMEWORK_SEARCH_PATHS = (
					"$(inherited)",
					"$(PROJECT_DIR)",
				);
				INFOPLIST_FILE = Sensor/Info.plist;
				IPHONEOS_DEPLOYMENT_TARGET = 9.0;
				LD_RUNPATH_SEARCH_PATHS = "$(inherited) @executable_path/Frameworks";
				LIBRARY_SEARCH_PATHS = (
					"$(inherited)",
					"$(PROJECT_DIR)/Sensor/Vendor/BaiduMapSDK",
					"$(PROJECT_DIR)/Sensor/Vendor/BaiduMapSDK/thirdlibs",
				);
				OTHER_LDFLAGS = "-ObjC";
				PRODUCT_BUNDLE_IDENTIFIER = com.sensor.Sensor;
				PRODUCT_NAME = "$(TARGET_NAME)";
				PROVISIONING_PROFILE_SPECIFIER = "";
				TARGETED_DEVICE_FAMILY = 1;
				VALID_ARCHS = "arm64 arm7 armv7";
			};
			name = Release;
		};
/* End XCBuildConfiguration section */

/* Begin XCConfigurationList section */
		D166484D1F9D8FF700F2A656 /* Build configuration list for PBXProject "Sensor" */ = {
			isa = XCConfigurationList;
			buildConfigurations = (
				D16648661F9D8FF700F2A656 /* Debug */,
				D16648671F9D8FF700F2A656 /* Release */,
			);
			defaultConfigurationIsVisible = 0;
			defaultConfigurationName = Release;
		};
		D16648681F9D8FF700F2A656 /* Build configuration list for PBXNativeTarget "Sensor" */ = {
			isa = XCConfigurationList;
			buildConfigurations = (
				D16648691F9D8FF700F2A656 /* Debug */,
				D166486A1F9D8FF700F2A656 /* Release */,
			);
			defaultConfigurationIsVisible = 0;
			defaultConfigurationName = Release;
		};
/* End XCConfigurationList section */
	};
	rootObject = D166484A1F9D8FF700F2A656 /* Project object */;
}
